// !$*UTF8*$!
{
	archiveVersion = 1;
	classes = {
	};
	objectVersion = 46;
	objects = {

/* Begin PBXBuildFile section */
		5708175B1F2989120062DB68 /* ImageViewController.swift in Sources */ = {isa = PBXBuildFile; fileRef = 5708175A1F2989120062DB68 /* ImageViewController.swift */; };
		573853C31F2EBE6100B37228 /* SetLocation.swift in Sources */ = {isa = PBXBuildFile; fileRef = 573853C21F2EBE6100B37228 /* SetLocation.swift */; };
		573853C71F31038100B37228 /* GoogleMapsViewController.swift in Sources */ = {isa = PBXBuildFile; fileRef = 573853C61F31038100B37228 /* GoogleMapsViewController.swift */; };
		573FEC4F1F2B0AB6007A001F /* PreselectedDrivers.swift in Sources */ = {isa = PBXBuildFile; fileRef = 573FEC4E1F2B0AB6007A001F /* PreselectedDrivers.swift */; };
		574724CD1F2D6619003EFFC6 /* SettingsTableViewController.swift in Sources */ = {isa = PBXBuildFile; fileRef = 574724CC1F2D6619003EFFC6 /* SettingsTableViewController.swift */; };
		574724F01F2E9C17003EFFC6 /* Eta.swift in Sources */ = {isa = PBXBuildFile; fileRef = 574724EF1F2E9C17003EFFC6 /* Eta.swift */; };
		574724F51F2EA71D003EFFC6 /* CoreLocation.framework in Frameworks */ = {isa = PBXBuildFile; fileRef = 574724F41F2EA71D003EFFC6 /* CoreLocation.framework */; };
		5753E31C1F379EF000B930E7 /* MightLoginViewController.swift in Sources */ = {isa = PBXBuildFile; fileRef = 5753E31B1F379EF000B930E7 /* MightLoginViewController.swift */; };
		575E7B681F266DCC00C1DD70 /* LoadingPageMain.swift in Sources */ = {isa = PBXBuildFile; fileRef = 575E7B671F266DCC00C1DD70 /* LoadingPageMain.swift */; };
		5770B5771F3A25C100E23C51 /* MessagingViewController.swift in Sources */ = {isa = PBXBuildFile; fileRef = 5770B5761F3A25C100E23C51 /* MessagingViewController.swift */; };
		5770B5791F3A25FC00E23C51 /* MessagingBackend.swift in Sources */ = {isa = PBXBuildFile; fileRef = 5770B5781F3A25FC00E23C51 /* MessagingBackend.swift */; };
		5770B57B1F3AB83D00E23C51 /* Message.swift in Sources */ = {isa = PBXBuildFile; fileRef = 5770B57A1F3AB83D00E23C51 /* Message.swift */; };
		5770B57D1F3B57A900E23C51 /* MyMessageTableViewCell.swift in Sources */ = {isa = PBXBuildFile; fileRef = 5770B57C1F3B57A900E23C51 /* MyMessageTableViewCell.swift */; };
		5770B57F1F3B57E500E23C51 /* TheirMessageTableViewCell.swift in Sources */ = {isa = PBXBuildFile; fileRef = 5770B57E1F3B57E500E23C51 /* TheirMessageTableViewCell.swift */; };
		57954CB31F3529FF00516A61 /* KeyValueTableViewCell.swift in Sources */ = {isa = PBXBuildFile; fileRef = 57954CB21F3529FF00516A61 /* KeyValueTableViewCell.swift */; };
		57954CB61F35750100516A61 /* BioTableViewCell.swift in Sources */ = {isa = PBXBuildFile; fileRef = 57954CB51F35750100516A61 /* BioTableViewCell.swift */; };
		57954CB81F36309500516A61 /* PaymentsTableViewCell.swift in Sources */ = {isa = PBXBuildFile; fileRef = 57954CB71F36309500516A61 /* PaymentsTableViewCell.swift */; };
		57A00B221F2714BD00842DDF /* BottomProfileViewController.swift in Sources */ = {isa = PBXBuildFile; fileRef = 57A00B211F2714BC00842DDF /* BottomProfileViewController.swift */; };
		57A00B251F271D8800842DDF /* ImageResize.swift in Sources */ = {isa = PBXBuildFile; fileRef = 57A00B241F271D8800842DDF /* ImageResize.swift */; };
		57A00B271F2726DF00842DDF /* ProfileViewController.swift in Sources */ = {isa = PBXBuildFile; fileRef = 57A00B261F2726DF00842DDF /* ProfileViewController.swift */; };
		57A00B291F27D43D00842DDF /* MiddleProfileTableViewController.swift in Sources */ = {isa = PBXBuildFile; fileRef = 57A00B281F27D43C00842DDF /* MiddleProfileTableViewController.swift */; };
		57BB52C81F241F0700736291 /* TimeAgo.swift in Sources */ = {isa = PBXBuildFile; fileRef = 57BB52C71F241F0700736291 /* TimeAgo.swift */; };
		57D195CC1F19444300F27BB7 /* LoadRequests.swift in Sources */ = {isa = PBXBuildFile; fileRef = 57D195CB1F19444300F27BB7 /* LoadRequests.swift */; };
		57D195D01F19604F00F27BB7 /* AddRideTableViewController.swift in Sources */ = {isa = PBXBuildFile; fileRef = 57D195CF1F19604F00F27BB7 /* AddRideTableViewController.swift */; };
		57D195D31F1A728B00F27BB7 /* RideDetailViewController.swift in Sources */ = {isa = PBXBuildFile; fileRef = 57D195D21F1A728B00F27BB7 /* RideDetailViewController.swift */; };
		57D195D51F1A756000F27BB7 /* RideDetailTableViewCell.swift in Sources */ = {isa = PBXBuildFile; fileRef = 57D195D41F1A756000F27BB7 /* RideDetailTableViewCell.swift */; };
		57D195D71F1A7FB700F27BB7 /* User.swift in Sources */ = {isa = PBXBuildFile; fileRef = 57D195D61F1A7FB700F27BB7 /* User.swift */; };
		57D195DC1F1AE50900F27BB7 /* PostCollageViewController.swift in Sources */ = {isa = PBXBuildFile; fileRef = 57D195DB1F1AE50900F27BB7 /* PostCollageViewController.swift */; };
		57D195DE1F1C7B5F00F27BB7 /* GoogleService-Info.plist in Resources */ = {isa = PBXBuildFile; fileRef = 57D195DD1F1C7B5F00F27BB7 /* GoogleService-Info.plist */; };
		57E65E9C1F15D59000B39AF4 /* AppDelegate.swift in Sources */ = {isa = PBXBuildFile; fileRef = 57E65E9B1F15D59000B39AF4 /* AppDelegate.swift */; };
		57E65EA11F15D59000B39AF4 /* Main.storyboard in Resources */ = {isa = PBXBuildFile; fileRef = 57E65E9F1F15D59000B39AF4 /* Main.storyboard */; };
		57E65EA41F15D59000B39AF4 /* ArcadeCity.xcdatamodeld in Sources */ = {isa = PBXBuildFile; fileRef = 57E65EA21F15D59000B39AF4 /* ArcadeCity.xcdatamodeld */; };
		57E65EA61F15D59000B39AF4 /* Assets.xcassets in Resources */ = {isa = PBXBuildFile; fileRef = 57E65EA51F15D59000B39AF4 /* Assets.xcassets */; };
		57E65EA91F15D59000B39AF4 /* LaunchScreen.storyboard in Resources */ = {isa = PBXBuildFile; fileRef = 57E65EA71F15D59000B39AF4 /* LaunchScreen.storyboard */; };
		57E65EB81F181B3200B39AF4 /* Rider.swift in Sources */ = {isa = PBXBuildFile; fileRef = 57E65EB71F181B3200B39AF4 /* Rider.swift */; };
		57E65EBD1F185A1200B39AF4 /* RideRequest.swift in Sources */ = {isa = PBXBuildFile; fileRef = 57E65EBC1F185A1200B39AF4 /* RideRequest.swift */; };
		57E65EBF1F185AB800B39AF4 /* Offer.swift in Sources */ = {isa = PBXBuildFile; fileRef = 57E65EBE1F185AB800B39AF4 /* Offer.swift */; };
		57E65EC11F185C3A00B39AF4 /* Driver.swift in Sources */ = {isa = PBXBuildFile; fileRef = 57E65EC01F185C3A00B39AF4 /* Driver.swift */; };
		57E65EC61F186E3900B39AF4 /* RequestPageViewController.swift in Sources */ = {isa = PBXBuildFile; fileRef = 57E65EC51F186E3900B39AF4 /* RequestPageViewController.swift */; };
		7C2EE085E9FFEAC069E9450C /* Pods_ArcadeCity.framework in Frameworks */ = {isa = PBXBuildFile; fileRef = 47D4409EDB97209FB6509052 /* Pods_ArcadeCity.framework */; };
		AC3813EB1F1EE33900E79813 /* RequestPageTableViewCell.swift in Sources */ = {isa = PBXBuildFile; fileRef = AC3813EA1F1EE33900E79813 /* RequestPageTableViewCell.swift */; };
/* End PBXBuildFile section */

/* Begin PBXFileReference section */
		1793F771E381A19DBA654345 /* Pods-ArcadeCity.debug.xcconfig */ = {isa = PBXFileReference; includeInIndex = 1; lastKnownFileType = text.xcconfig; name = "Pods-ArcadeCity.debug.xcconfig"; path = "Pods/Target Support Files/Pods-ArcadeCity/Pods-ArcadeCity.debug.xcconfig"; sourceTree = "<group>"; };
		47D4409EDB97209FB6509052 /* Pods_ArcadeCity.framework */ = {isa = PBXFileReference; explicitFileType = wrapper.framework; includeInIndex = 0; path = Pods_ArcadeCity.framework; sourceTree = BUILT_PRODUCTS_DIR; };
		5708175A1F2989120062DB68 /* ImageViewController.swift */ = {isa = PBXFileReference; fileEncoding = 4; lastKnownFileType = sourcecode.swift; path = ImageViewController.swift; sourceTree = "<group>"; };
		5712C8281F22400A00442110 /* ArcadeCity.entitlements */ = {isa = PBXFileReference; lastKnownFileType = text.plist.entitlements; path = ArcadeCity.entitlements; sourceTree = "<group>"; };
		573853C21F2EBE6100B37228 /* SetLocation.swift */ = {isa = PBXFileReference; fileEncoding = 4; lastKnownFileType = sourcecode.swift; path = SetLocation.swift; sourceTree = "<group>"; };
		573853C61F31038100B37228 /* GoogleMapsViewController.swift */ = {isa = PBXFileReference; fileEncoding = 4; lastKnownFileType = sourcecode.swift; path = GoogleMapsViewController.swift; sourceTree = "<group>"; };
		573FEC4E1F2B0AB6007A001F /* PreselectedDrivers.swift */ = {isa = PBXFileReference; fileEncoding = 4; lastKnownFileType = sourcecode.swift; path = PreselectedDrivers.swift; sourceTree = "<group>"; };
		574724CC1F2D6619003EFFC6 /* SettingsTableViewController.swift */ = {isa = PBXFileReference; fileEncoding = 4; lastKnownFileType = sourcecode.swift; path = SettingsTableViewController.swift; sourceTree = "<group>"; };
		574724EF1F2E9C17003EFFC6 /* Eta.swift */ = {isa = PBXFileReference; fileEncoding = 4; lastKnownFileType = sourcecode.swift; path = Eta.swift; sourceTree = "<group>"; };
		574724F41F2EA71D003EFFC6 /* CoreLocation.framework */ = {isa = PBXFileReference; lastKnownFileType = wrapper.framework; name = CoreLocation.framework; path = System/Library/Frameworks/CoreLocation.framework; sourceTree = SDKROOT; };
		5753E31B1F379EF000B930E7 /* MightLoginViewController.swift */ = {isa = PBXFileReference; fileEncoding = 4; lastKnownFileType = sourcecode.swift; path = MightLoginViewController.swift; sourceTree = "<group>"; };
		575E7B671F266DCC00C1DD70 /* LoadingPageMain.swift */ = {isa = PBXFileReference; fileEncoding = 4; lastKnownFileType = sourcecode.swift; path = LoadingPageMain.swift; sourceTree = "<group>"; };
		5770B5761F3A25C100E23C51 /* MessagingViewController.swift */ = {isa = PBXFileReference; fileEncoding = 4; lastKnownFileType = sourcecode.swift; path = MessagingViewController.swift; sourceTree = "<group>"; };
		5770B5781F3A25FC00E23C51 /* MessagingBackend.swift */ = {isa = PBXFileReference; fileEncoding = 4; lastKnownFileType = sourcecode.swift; path = MessagingBackend.swift; sourceTree = "<group>"; };
		5770B57A1F3AB83D00E23C51 /* Message.swift */ = {isa = PBXFileReference; fileEncoding = 4; lastKnownFileType = sourcecode.swift; path = Message.swift; sourceTree = "<group>"; };
		5770B57C1F3B57A900E23C51 /* MyMessageTableViewCell.swift */ = {isa = PBXFileReference; fileEncoding = 4; lastKnownFileType = sourcecode.swift; path = MyMessageTableViewCell.swift; sourceTree = "<group>"; };
		5770B57E1F3B57E500E23C51 /* TheirMessageTableViewCell.swift */ = {isa = PBXFileReference; fileEncoding = 4; lastKnownFileType = sourcecode.swift; path = TheirMessageTableViewCell.swift; sourceTree = "<group>"; };
		57954CB21F3529FF00516A61 /* KeyValueTableViewCell.swift */ = {isa = PBXFileReference; fileEncoding = 4; lastKnownFileType = sourcecode.swift; name = KeyValueTableViewCell.swift; path = ../KeyValueTableViewCell.swift; sourceTree = "<group>"; };
		57954CB51F35750100516A61 /* BioTableViewCell.swift */ = {isa = PBXFileReference; fileEncoding = 4; lastKnownFileType = sourcecode.swift; path = BioTableViewCell.swift; sourceTree = "<group>"; };
		57954CB71F36309500516A61 /* PaymentsTableViewCell.swift */ = {isa = PBXFileReference; fileEncoding = 4; lastKnownFileType = sourcecode.swift; path = PaymentsTableViewCell.swift; sourceTree = "<group>"; };
		57A00B211F2714BC00842DDF /* BottomProfileViewController.swift */ = {isa = PBXFileReference; fileEncoding = 4; lastKnownFileType = sourcecode.swift; path = BottomProfileViewController.swift; sourceTree = "<group>"; };
		57A00B241F271D8800842DDF /* ImageResize.swift */ = {isa = PBXFileReference; fileEncoding = 4; lastKnownFileType = sourcecode.swift; path = ImageResize.swift; sourceTree = "<group>"; };
		57A00B261F2726DF00842DDF /* ProfileViewController.swift */ = {isa = PBXFileReference; fileEncoding = 4; lastKnownFileType = sourcecode.swift; path = ProfileViewController.swift; sourceTree = "<group>"; };
		57A00B281F27D43C00842DDF /* MiddleProfileTableViewController.swift */ = {isa = PBXFileReference; fileEncoding = 4; lastKnownFileType = sourcecode.swift; path = MiddleProfileTableViewController.swift; sourceTree = "<group>"; };
		57BB52C71F241F0700736291 /* TimeAgo.swift */ = {isa = PBXFileReference; fileEncoding = 4; lastKnownFileType = sourcecode.swift; path = TimeAgo.swift; sourceTree = "<group>"; };
		57D195CB1F19444300F27BB7 /* LoadRequests.swift */ = {isa = PBXFileReference; fileEncoding = 4; lastKnownFileType = sourcecode.swift; path = LoadRequests.swift; sourceTree = "<group>"; };
		57D195CF1F19604F00F27BB7 /* AddRideTableViewController.swift */ = {isa = PBXFileReference; fileEncoding = 4; lastKnownFileType = sourcecode.swift; path = AddRideTableViewController.swift; sourceTree = "<group>"; };
		57D195D21F1A728B00F27BB7 /* RideDetailViewController.swift */ = {isa = PBXFileReference; fileEncoding = 4; lastKnownFileType = sourcecode.swift; path = RideDetailViewController.swift; sourceTree = "<group>"; };
		57D195D41F1A756000F27BB7 /* RideDetailTableViewCell.swift */ = {isa = PBXFileReference; fileEncoding = 4; lastKnownFileType = sourcecode.swift; path = RideDetailTableViewCell.swift; sourceTree = "<group>"; };
		57D195D61F1A7FB700F27BB7 /* User.swift */ = {isa = PBXFileReference; fileEncoding = 4; lastKnownFileType = sourcecode.swift; path = User.swift; sourceTree = "<group>"; };
		57D195DB1F1AE50900F27BB7 /* PostCollageViewController.swift */ = {isa = PBXFileReference; fileEncoding = 4; lastKnownFileType = sourcecode.swift; path = PostCollageViewController.swift; sourceTree = "<group>"; };
		57D195DD1F1C7B5F00F27BB7 /* GoogleService-Info.plist */ = {isa = PBXFileReference; fileEncoding = 4; lastKnownFileType = text.plist.xml; path = "GoogleService-Info.plist"; sourceTree = "<group>"; };
		57E65E981F15D59000B39AF4 /* ArcadeCity.app */ = {isa = PBXFileReference; explicitFileType = wrapper.application; includeInIndex = 0; path = ArcadeCity.app; sourceTree = BUILT_PRODUCTS_DIR; };
		57E65E9B1F15D59000B39AF4 /* AppDelegate.swift */ = {isa = PBXFileReference; lastKnownFileType = sourcecode.swift; path = AppDelegate.swift; sourceTree = "<group>"; };
		57E65EA01F15D59000B39AF4 /* Base */ = {isa = PBXFileReference; lastKnownFileType = file.storyboard; name = Base; path = Base.lproj/Main.storyboard; sourceTree = "<group>"; };
		57E65EA31F15D59000B39AF4 /* ArcadeCity.xcdatamodel */ = {isa = PBXFileReference; lastKnownFileType = wrapper.xcdatamodel; path = ArcadeCity.xcdatamodel; sourceTree = "<group>"; };
		57E65EA51F15D59000B39AF4 /* Assets.xcassets */ = {isa = PBXFileReference; lastKnownFileType = folder.assetcatalog; path = Assets.xcassets; sourceTree = "<group>"; };
		57E65EA81F15D59000B39AF4 /* Base */ = {isa = PBXFileReference; lastKnownFileType = file.storyboard; name = Base; path = Base.lproj/LaunchScreen.storyboard; sourceTree = "<group>"; };
		57E65EAA1F15D59000B39AF4 /* Info.plist */ = {isa = PBXFileReference; lastKnownFileType = text.plist.xml; path = Info.plist; sourceTree = "<group>"; };
		57E65EB71F181B3200B39AF4 /* Rider.swift */ = {isa = PBXFileReference; fileEncoding = 4; lastKnownFileType = sourcecode.swift; path = Rider.swift; sourceTree = "<group>"; };
		57E65EBC1F185A1200B39AF4 /* RideRequest.swift */ = {isa = PBXFileReference; fileEncoding = 4; lastKnownFileType = sourcecode.swift; path = RideRequest.swift; sourceTree = "<group>"; };
		57E65EBE1F185AB800B39AF4 /* Offer.swift */ = {isa = PBXFileReference; fileEncoding = 4; lastKnownFileType = sourcecode.swift; path = Offer.swift; sourceTree = "<group>"; };
		57E65EC01F185C3A00B39AF4 /* Driver.swift */ = {isa = PBXFileReference; fileEncoding = 4; lastKnownFileType = sourcecode.swift; path = Driver.swift; sourceTree = "<group>"; };
		57E65EC51F186E3900B39AF4 /* RequestPageViewController.swift */ = {isa = PBXFileReference; fileEncoding = 4; lastKnownFileType = sourcecode.swift; path = RequestPageViewController.swift; sourceTree = "<group>"; };
		AC3813EA1F1EE33900E79813 /* RequestPageTableViewCell.swift */ = {isa = PBXFileReference; fileEncoding = 4; lastKnownFileType = sourcecode.swift; path = RequestPageTableViewCell.swift; sourceTree = "<group>"; };
		B9F14C6420E689931DC11C49 /* Pods-ArcadeCity.release.xcconfig */ = {isa = PBXFileReference; includeInIndex = 1; lastKnownFileType = text.xcconfig; name = "Pods-ArcadeCity.release.xcconfig"; path = "Pods/Target Support Files/Pods-ArcadeCity/Pods-ArcadeCity.release.xcconfig"; sourceTree = "<group>"; };
/* End PBXFileReference section */

/* Begin PBXFrameworksBuildPhase section */
		57E65E951F15D59000B39AF4 /* Frameworks */ = {
			isa = PBXFrameworksBuildPhase;
			buildActionMask = 2147483647;
			files = (
				574724F51F2EA71D003EFFC6 /* CoreLocation.framework in Frameworks */,
				7C2EE085E9FFEAC069E9450C /* Pods_ArcadeCity.framework in Frameworks */,
			);
			runOnlyForDeploymentPostprocessing = 0;
		};
/* End PBXFrameworksBuildPhase section */

/* Begin PBXGroup section */
		5770B5751F3A259500E23C51 /* Messaging */ = {
			isa = PBXGroup;
			children = (
				5770B5761F3A25C100E23C51 /* MessagingViewController.swift */,
				5770B57C1F3B57A900E23C51 /* MyMessageTableViewCell.swift */,
				5770B57E1F3B57E500E23C51 /* TheirMessageTableViewCell.swift */,
				5770B57A1F3AB83D00E23C51 /* Message.swift */,
				5770B5781F3A25FC00E23C51 /* MessagingBackend.swift */,
			);
			name = Messaging;
			sourceTree = "<group>";
		};
		57954CB41F352A7300516A61 /* Tableview Cells */ = {
			isa = PBXGroup;
			children = (
				57954CB71F36309500516A61 /* PaymentsTableViewCell.swift */,
				57954CB21F3529FF00516A61 /* KeyValueTableViewCell.swift */,
				57954CB51F35750100516A61 /* BioTableViewCell.swift */,
			);
			name = "Tableview Cells";
			sourceTree = "<group>";
		};
		57A00B1C1F27145800842DDF /* Profile */ = {
			isa = PBXGroup;
			children = (
				57954CB41F352A7300516A61 /* Tableview Cells */,
				57A00B281F27D43C00842DDF /* MiddleProfileTableViewController.swift */,
				57A00B261F2726DF00842DDF /* ProfileViewController.swift */,
				57A00B211F2714BC00842DDF /* BottomProfileViewController.swift */,
			);
			name = Profile;
			sourceTree = "<group>";
		};
		57A00B231F271CFC00842DDF /* Help Functions */ = {
			isa = PBXGroup;
			children = (
				5708175A1F2989120062DB68 /* ImageViewController.swift */,
				57BB52C71F241F0700736291 /* TimeAgo.swift */,
				573853C21F2EBE6100B37228 /* SetLocation.swift */,
				57A00B241F271D8800842DDF /* ImageResize.swift */,
				574724EF1F2E9C17003EFFC6 /* Eta.swift */,
			);
			name = "Help Functions";
			sourceTree = "<group>";
		};
		57D195D81F1AA11600F27BB7 /* Request Page */ = {
			isa = PBXGroup;
			children = (
				AC3813EA1F1EE33900E79813 /* RequestPageTableViewCell.swift */,
				57E65EC51F186E3900B39AF4 /* RequestPageViewController.swift */,
			);
			name = "Request Page";
			sourceTree = "<group>";
		};
		57D195D91F1AA15000F27BB7 /* Ride Request Detail */ = {
			isa = PBXGroup;
			children = (
				57D195D41F1A756000F27BB7 /* RideDetailTableViewCell.swift */,
				57D195D21F1A728B00F27BB7 /* RideDetailViewController.swift */,
				573853C61F31038100B37228 /* GoogleMapsViewController.swift */,
				57D195DB1F1AE50900F27BB7 /* PostCollageViewController.swift */,
			);
			name = "Ride Request Detail";
			sourceTree = "<group>";
		};
		57E65E8F1F15D58F00B39AF4 = {
			isa = PBXGroup;
			children = (
				57E65E9A1F15D59000B39AF4 /* ArcadeCity */,
				57E65E991F15D59000B39AF4 /* Products */,
				96E730B9F94AD7CF9798722F /* Pods */,
				ED5075E26847A8BDB30B547E /* Frameworks */,
			);
			sourceTree = "<group>";
		};
		57E65E991F15D59000B39AF4 /* Products */ = {
			isa = PBXGroup;
			children = (
				57E65E981F15D59000B39AF4 /* ArcadeCity.app */,
			);
			name = Products;
			sourceTree = "<group>";
		};
		57E65E9A1F15D59000B39AF4 /* ArcadeCity */ = {
			isa = PBXGroup;
			children = (
				5712C8281F22400A00442110 /* ArcadeCity.entitlements */,
				57E65E9F1F15D59000B39AF4 /* Main.storyboard */,
				574724CC1F2D6619003EFFC6 /* SettingsTableViewController.swift */,
				57D195CF1F19604F00F27BB7 /* AddRideTableViewController.swift */,
				5753E31B1F379EF000B930E7 /* MightLoginViewController.swift */,
				575E7B671F266DCC00C1DD70 /* LoadingPageMain.swift */,
				57D195CB1F19444300F27BB7 /* LoadRequests.swift */,
				5770B5751F3A259500E23C51 /* Messaging */,
				57D195D81F1AA11600F27BB7 /* Request Page */,
				57D195D91F1AA15000F27BB7 /* Ride Request Detail */,
				57A00B1C1F27145800842DDF /* Profile */,
				57A00B231F271CFC00842DDF /* Help Functions */,
				57E65EC41F18679700B39AF4 /* Types */,
				57E65EB91F18246C00B39AF4 /* Supporting Files */,
			);
			path = ArcadeCity;
			sourceTree = "<group>";
		};
		57E65EB91F18246C00B39AF4 /* Supporting Files */ = {
			isa = PBXGroup;
			children = (
				573FEC4E1F2B0AB6007A001F /* PreselectedDrivers.swift */,
				57D195DD1F1C7B5F00F27BB7 /* GoogleService-Info.plist */,
				57E65E9B1F15D59000B39AF4 /* AppDelegate.swift */,
				57E65EA51F15D59000B39AF4 /* Assets.xcassets */,
				57E65EA71F15D59000B39AF4 /* LaunchScreen.storyboard */,
				57E65EA21F15D59000B39AF4 /* ArcadeCity.xcdatamodeld */,
				57E65EAA1F15D59000B39AF4 /* Info.plist */,
			);
			name = "Supporting Files";
			sourceTree = "<group>";
		};
		57E65EC41F18679700B39AF4 /* Types */ = {
			isa = PBXGroup;
			children = (
				57E65EB71F181B3200B39AF4 /* Rider.swift */,
				57E65EBC1F185A1200B39AF4 /* RideRequest.swift */,
				57E65EBE1F185AB800B39AF4 /* Offer.swift */,
				57E65EC01F185C3A00B39AF4 /* Driver.swift */,
				57D195D61F1A7FB700F27BB7 /* User.swift */,
			);
			name = Types;
			sourceTree = "<group>";
		};
		96E730B9F94AD7CF9798722F /* Pods */ = {
			isa = PBXGroup;
			children = (
				1793F771E381A19DBA654345 /* Pods-ArcadeCity.debug.xcconfig */,
				B9F14C6420E689931DC11C49 /* Pods-ArcadeCity.release.xcconfig */,
			);
			name = Pods;
			sourceTree = "<group>";
		};
		ED5075E26847A8BDB30B547E /* Frameworks */ = {
			isa = PBXGroup;
			children = (
				574724F41F2EA71D003EFFC6 /* CoreLocation.framework */,
				47D4409EDB97209FB6509052 /* Pods_ArcadeCity.framework */,
			);
			name = Frameworks;
			sourceTree = "<group>";
		};
/* End PBXGroup section */

/* Begin PBXNativeTarget section */
		57E65E971F15D59000B39AF4 /* ArcadeCity */ = {
			isa = PBXNativeTarget;
			buildConfigurationList = 57E65EAD1F15D59000B39AF4 /* Build configuration list for PBXNativeTarget "ArcadeCity" */;
			buildPhases = (
				59CE06A363AE54D18556217F /* [CP] Check Pods Manifest.lock */,
				57E65E941F15D59000B39AF4 /* Sources */,
				57E65E951F15D59000B39AF4 /* Frameworks */,
				57E65E961F15D59000B39AF4 /* Resources */,
				03025FA1F842636DA05721F2 /* [CP] Embed Pods Frameworks */,
				55F2AD62655D7E9F8002E4E9 /* [CP] Copy Pods Resources */,
			);
			buildRules = (
			);
			dependencies = (
			);
			name = ArcadeCity;
			productName = ArcadeCity;
			productReference = 57E65E981F15D59000B39AF4 /* ArcadeCity.app */;
			productType = "com.apple.product-type.application";
		};
/* End PBXNativeTarget section */

/* Begin PBXProject section */
		57E65E901F15D59000B39AF4 /* Project object */ = {
			isa = PBXProject;
			attributes = {
				LastSwiftUpdateCheck = 0830;
				LastUpgradeCheck = 0830;
				ORGANIZATIONNAME = "The University of Texas at Austin";
				TargetAttributes = {
					57E65E971F15D59000B39AF4 = {
						CreatedOnToolsVersion = 8.3.3;
						DevelopmentTeam = W54RWWMZX3;
						ProvisioningStyle = Automatic;
						SystemCapabilities = {
							com.apple.Keychain = {
								enabled = 1;
							};
						};
					};
				};
			};
			buildConfigurationList = 57E65E931F15D59000B39AF4 /* Build configuration list for PBXProject "ArcadeCity" */;
			compatibilityVersion = "Xcode 3.2";
			developmentRegion = English;
			hasScannedForEncodings = 0;
			knownRegions = (
				en,
				Base,
			);
			mainGroup = 57E65E8F1F15D58F00B39AF4;
			productRefGroup = 57E65E991F15D59000B39AF4 /* Products */;
			projectDirPath = "";
			projectRoot = "";
			targets = (
				57E65E971F15D59000B39AF4 /* ArcadeCity */,
			);
		};
/* End PBXProject section */

/* Begin PBXResourcesBuildPhase section */
		57E65E961F15D59000B39AF4 /* Resources */ = {
			isa = PBXResourcesBuildPhase;
			buildActionMask = 2147483647;
			files = (
				57E65EA91F15D59000B39AF4 /* LaunchScreen.storyboard in Resources */,
				57D195DE1F1C7B5F00F27BB7 /* GoogleService-Info.plist in Resources */,
				57E65EA61F15D59000B39AF4 /* Assets.xcassets in Resources */,
				57E65EA11F15D59000B39AF4 /* Main.storyboard in Resources */,
			);
			runOnlyForDeploymentPostprocessing = 0;
		};
/* End PBXResourcesBuildPhase section */

/* Begin PBXShellScriptBuildPhase section */
		03025FA1F842636DA05721F2 /* [CP] Embed Pods Frameworks */ = {
			isa = PBXShellScriptBuildPhase;
			buildActionMask = 2147483647;
			files = (
			);
			inputPaths = (
			);
			name = "[CP] Embed Pods Frameworks";
			outputPaths = (
			);
			runOnlyForDeploymentPostprocessing = 0;
			shellPath = /bin/sh;
			shellScript = "\"${SRCROOT}/Pods/Target Support Files/Pods-ArcadeCity/Pods-ArcadeCity-frameworks.sh\"\n";
			showEnvVarsInLog = 0;
		};
		55F2AD62655D7E9F8002E4E9 /* [CP] Copy Pods Resources */ = {
			isa = PBXShellScriptBuildPhase;
			buildActionMask = 2147483647;
			files = (
			);
			inputPaths = (
			);
			name = "[CP] Copy Pods Resources";
			outputPaths = (
			);
			runOnlyForDeploymentPostprocessing = 0;
			shellPath = /bin/sh;
			shellScript = "\"${SRCROOT}/Pods/Target Support Files/Pods-ArcadeCity/Pods-ArcadeCity-resources.sh\"\n";
			showEnvVarsInLog = 0;
		};
		59CE06A363AE54D18556217F /* [CP] Check Pods Manifest.lock */ = {
			isa = PBXShellScriptBuildPhase;
			buildActionMask = 2147483647;
			files = (
			);
			inputPaths = (
			);
			name = "[CP] Check Pods Manifest.lock";
			outputPaths = (
			);
			runOnlyForDeploymentPostprocessing = 0;
			shellPath = /bin/sh;
			shellScript = "diff \"${PODS_PODFILE_DIR_PATH}/Podfile.lock\" \"${PODS_ROOT}/Manifest.lock\" > /dev/null\nif [ $? != 0 ] ; then\n    # print error to STDERR\n    echo \"error: The sandbox is not in sync with the Podfile.lock. Run 'pod install' or update your CocoaPods installation.\" >&2\n    exit 1\nfi\n";
			showEnvVarsInLog = 0;
		};
/* End PBXShellScriptBuildPhase section */

/* Begin PBXSourcesBuildPhase section */
		57E65E941F15D59000B39AF4 /* Sources */ = {
			isa = PBXSourcesBuildPhase;
			buildActionMask = 2147483647;
			files = (
				57E65EBF1F185AB800B39AF4 /* Offer.swift in Sources */,
				57E65EC61F186E3900B39AF4 /* RequestPageViewController.swift in Sources */,
				AC3813EB1F1EE33900E79813 /* RequestPageTableViewCell.swift in Sources */,
				57D195CC1F19444300F27BB7 /* LoadRequests.swift in Sources */,
				57E65EA41F15D59000B39AF4 /* ArcadeCity.xcdatamodeld in Sources */,
				57A00B251F271D8800842DDF /* ImageResize.swift in Sources */,
				5770B57B1F3AB83D00E23C51 /* Message.swift in Sources */,
				5753E31C1F379EF000B930E7 /* MightLoginViewController.swift in Sources */,
				57954CB61F35750100516A61 /* BioTableViewCell.swift in Sources */,
				5770B57D1F3B57A900E23C51 /* MyMessageTableViewCell.swift in Sources */,
				57E65EBD1F185A1200B39AF4 /* RideRequest.swift in Sources */,
				5770B57F1F3B57E500E23C51 /* TheirMessageTableViewCell.swift in Sources */,
				57D195D51F1A756000F27BB7 /* RideDetailTableViewCell.swift in Sources */,
				5770B5771F3A25C100E23C51 /* MessagingViewController.swift in Sources */,
				57BB52C81F241F0700736291 /* TimeAgo.swift in Sources */,
				57D195DC1F1AE50900F27BB7 /* PostCollageViewController.swift in Sources */,
				573FEC4F1F2B0AB6007A001F /* PreselectedDrivers.swift in Sources */,
				57D195D71F1A7FB700F27BB7 /* User.swift in Sources */,
				57D195D01F19604F00F27BB7 /* AddRideTableViewController.swift in Sources */,
				57E65EB81F181B3200B39AF4 /* Rider.swift in Sources */,
				57A00B221F2714BD00842DDF /* BottomProfileViewController.swift in Sources */,
				57954CB31F3529FF00516A61 /* KeyValueTableViewCell.swift in Sources */,
				575E7B681F266DCC00C1DD70 /* LoadingPageMain.swift in Sources */,
				57D195D31F1A728B00F27BB7 /* RideDetailViewController.swift in Sources */,
				573853C71F31038100B37228 /* GoogleMapsViewController.swift in Sources */,
				573853C31F2EBE6100B37228 /* SetLocation.swift in Sources */,
				5770B5791F3A25FC00E23C51 /* MessagingBackend.swift in Sources */,
				57E65E9C1F15D59000B39AF4 /* AppDelegate.swift in Sources */,
				57A00B271F2726DF00842DDF /* ProfileViewController.swift in Sources */,
				574724F01F2E9C17003EFFC6 /* Eta.swift in Sources */,
				574724CD1F2D6619003EFFC6 /* SettingsTableViewController.swift in Sources */,
				57A00B291F27D43D00842DDF /* MiddleProfileTableViewController.swift in Sources */,
				5708175B1F2989120062DB68 /* ImageViewController.swift in Sources */,
				57E65EC11F185C3A00B39AF4 /* Driver.swift in Sources */,
				57954CB81F36309500516A61 /* PaymentsTableViewCell.swift in Sources */,
			);
			runOnlyForDeploymentPostprocessing = 0;
		};
/* End PBXSourcesBuildPhase section */

/* Begin PBXVariantGroup section */
		57E65E9F1F15D59000B39AF4 /* Main.storyboard */ = {
			isa = PBXVariantGroup;
			children = (
				57E65EA01F15D59000B39AF4 /* Base */,
			);
			name = Main.storyboard;
			sourceTree = "<group>";
		};
		57E65EA71F15D59000B39AF4 /* LaunchScreen.storyboard */ = {
			isa = PBXVariantGroup;
			children = (
				57E65EA81F15D59000B39AF4 /* Base */,
			);
			name = LaunchScreen.storyboard;
			sourceTree = "<group>";
		};
/* End PBXVariantGroup section */

/* Begin XCBuildConfiguration section */
		57E65EAB1F15D59000B39AF4 /* Debug */ = {
			isa = XCBuildConfiguration;
			buildSettings = {
				ALWAYS_SEARCH_USER_PATHS = NO;
				CLANG_ANALYZER_NONNULL = YES;
				CLANG_ANALYZER_NUMBER_OBJECT_CONVERSION = YES_AGGRESSIVE;
				CLANG_CXX_LANGUAGE_STANDARD = "gnu++0x";
				CLANG_CXX_LIBRARY = "libc++";
				CLANG_ENABLE_MODULES = YES;
				CLANG_ENABLE_OBJC_ARC = YES;
				CLANG_WARN_BOOL_CONVERSION = YES;
				CLANG_WARN_CONSTANT_CONVERSION = YES;
				CLANG_WARN_DIRECT_OBJC_ISA_USAGE = YES_ERROR;
				CLANG_WARN_DOCUMENTATION_COMMENTS = YES;
				CLANG_WARN_EMPTY_BODY = YES;
				CLANG_WARN_ENUM_CONVERSION = YES;
				CLANG_WARN_INFINITE_RECURSION = YES;
				CLANG_WARN_INT_CONVERSION = YES;
				CLANG_WARN_OBJC_ROOT_CLASS = YES_ERROR;
				CLANG_WARN_SUSPICIOUS_MOVE = YES;
				CLANG_WARN_UNREACHABLE_CODE = YES;
				CLANG_WARN__DUPLICATE_METHOD_MATCH = YES;
				"CODE_SIGN_IDENTITY[sdk=iphoneos*]" = "iPhone Developer";
				COPY_PHASE_STRIP = NO;
				DEBUG_INFORMATION_FORMAT = dwarf;
				ENABLE_STRICT_OBJC_MSGSEND = YES;
				ENABLE_TESTABILITY = YES;
				GCC_C_LANGUAGE_STANDARD = gnu99;
				GCC_DYNAMIC_NO_PIC = NO;
				GCC_NO_COMMON_BLOCKS = YES;
				GCC_OPTIMIZATION_LEVEL = 0;
				GCC_PREPROCESSOR_DEFINITIONS = (
					"DEBUG=1",
					"$(inherited)",
				);
				GCC_WARN_64_TO_32_BIT_CONVERSION = YES;
				GCC_WARN_ABOUT_RETURN_TYPE = YES_ERROR;
				GCC_WARN_UNDECLARED_SELECTOR = YES;
				GCC_WARN_UNINITIALIZED_AUTOS = YES_AGGRESSIVE;
				GCC_WARN_UNUSED_FUNCTION = YES;
				GCC_WARN_UNUSED_VARIABLE = YES;
				IPHONEOS_DEPLOYMENT_TARGET = 10.3;
				MTL_ENABLE_DEBUG_INFO = YES;
				ONLY_ACTIVE_ARCH = YES;
				SDKROOT = iphoneos;
				SWIFT_ACTIVE_COMPILATION_CONDITIONS = DEBUG;
				SWIFT_OPTIMIZATION_LEVEL = "-Onone";
			};
			name = Debug;
		};
		57E65EAC1F15D59000B39AF4 /* Release */ = {
			isa = XCBuildConfiguration;
			buildSettings = {
				ALWAYS_SEARCH_USER_PATHS = NO;
				CLANG_ANALYZER_NONNULL = YES;
				CLANG_ANALYZER_NUMBER_OBJECT_CONVERSION = YES_AGGRESSIVE;
				CLANG_CXX_LANGUAGE_STANDARD = "gnu++0x";
				CLANG_CXX_LIBRARY = "libc++";
				CLANG_ENABLE_MODULES = YES;
				CLANG_ENABLE_OBJC_ARC = YES;
				CLANG_WARN_BOOL_CONVERSION = YES;
				CLANG_WARN_CONSTANT_CONVERSION = YES;
				CLANG_WARN_DIRECT_OBJC_ISA_USAGE = YES_ERROR;
				CLANG_WARN_DOCUMENTATION_COMMENTS = YES;
				CLANG_WARN_EMPTY_BODY = YES;
				CLANG_WARN_ENUM_CONVERSION = YES;
				CLANG_WARN_INFINITE_RECURSION = YES;
				CLANG_WARN_INT_CONVERSION = YES;
				CLANG_WARN_OBJC_ROOT_CLASS = YES_ERROR;
				CLANG_WARN_SUSPICIOUS_MOVE = YES;
				CLANG_WARN_UNREACHABLE_CODE = YES;
				CLANG_WARN__DUPLICATE_METHOD_MATCH = YES;
				"CODE_SIGN_IDENTITY[sdk=iphoneos*]" = "iPhone Developer";
				COPY_PHASE_STRIP = NO;
				DEBUG_INFORMATION_FORMAT = "dwarf-with-dsym";
				ENABLE_NS_ASSERTIONS = NO;
				ENABLE_STRICT_OBJC_MSGSEND = YES;
				GCC_C_LANGUAGE_STANDARD = gnu99;
				GCC_NO_COMMON_BLOCKS = YES;
				GCC_WARN_64_TO_32_BIT_CONVERSION = YES;
				GCC_WARN_ABOUT_RETURN_TYPE = YES_ERROR;
				GCC_WARN_UNDECLARED_SELECTOR = YES;
				GCC_WARN_UNINITIALIZED_AUTOS = YES_AGGRESSIVE;
				GCC_WARN_UNUSED_FUNCTION = YES;
				GCC_WARN_UNUSED_VARIABLE = YES;
				IPHONEOS_DEPLOYMENT_TARGET = 10.3;
				MTL_ENABLE_DEBUG_INFO = NO;
				SDKROOT = iphoneos;
				SWIFT_OPTIMIZATION_LEVEL = "-Owholemodule";
				VALIDATE_PRODUCT = YES;
			};
			name = Release;
		};
		57E65EAE1F15D59000B39AF4 /* Debug */ = {
			isa = XCBuildConfiguration;
			baseConfigurationReference = 1793F771E381A19DBA654345 /* Pods-ArcadeCity.debug.xcconfig */;
			buildSettings = {
				ASSETCATALOG_COMPILER_APPICON_NAME = AppIcon;
				CODE_SIGN_ENTITLEMENTS = ArcadeCity/ArcadeCity.entitlements;
				"CODE_SIGN_IDENTITY[sdk=iphoneos*]" = "iPhone Developer";
				DEVELOPMENT_TEAM = W54RWWMZX3;
				INFOPLIST_FILE = ArcadeCity/Info.plist;
				LD_RUNPATH_SEARCH_PATHS = "$(inherited) @executable_path/Frameworks";
				PRODUCT_BUNDLE_IDENTIFIER = edu.utexas.dwp673.ArcadeCity;
				PRODUCT_NAME = "$(TARGET_NAME)";
				PROVISIONING_PROFILE_SPECIFIER = "";
				SWIFT_VERSION = 3.0;
			};
			name = Debug;
		};
		57E65EAF1F15D59000B39AF4 /* Release */ = {
			isa = XCBuildConfiguration;
			baseConfigurationReference = B9F14C6420E689931DC11C49 /* Pods-ArcadeCity.release.xcconfig */;
			buildSettings = {
				ASSETCATALOG_COMPILER_APPICON_NAME = AppIcon;
				CODE_SIGN_ENTITLEMENTS = ArcadeCity/ArcadeCity.entitlements;
				"CODE_SIGN_IDENTITY[sdk=iphoneos*]" = "iPhone Developer";
				DEVELOPMENT_TEAM = W54RWWMZX3;
				INFOPLIST_FILE = ArcadeCity/Info.plist;
				LD_RUNPATH_SEARCH_PATHS = "$(inherited) @executable_path/Frameworks";
				PRODUCT_BUNDLE_IDENTIFIER = edu.utexas.dwp673.ArcadeCity;
				PRODUCT_NAME = "$(TARGET_NAME)";
				PROVISIONING_PROFILE_SPECIFIER = "";
				SWIFT_VERSION = 3.0;
			};
			name = Release;
		};
/* End XCBuildConfiguration section */

/* Begin XCConfigurationList section */
		57E65E931F15D59000B39AF4 /* Build configuration list for PBXProject "ArcadeCity" */ = {
			isa = XCConfigurationList;
			buildConfigurations = (
				57E65EAB1F15D59000B39AF4 /* Debug */,
				57E65EAC1F15D59000B39AF4 /* Release */,
			);
			defaultConfigurationIsVisible = 0;
			defaultConfigurationName = Release;
		};
		57E65EAD1F15D59000B39AF4 /* Build configuration list for PBXNativeTarget "ArcadeCity" */ = {
			isa = XCConfigurationList;
			buildConfigurations = (
				57E65EAE1F15D59000B39AF4 /* Debug */,
				57E65EAF1F15D59000B39AF4 /* Release */,
			);
			defaultConfigurationIsVisible = 0;
			defaultConfigurationName = Release;
		};
/* End XCConfigurationList section */

/* Begin XCVersionGroup section */
		57E65EA21F15D59000B39AF4 /* ArcadeCity.xcdatamodeld */ = {
			isa = XCVersionGroup;
			children = (
				57E65EA31F15D59000B39AF4 /* ArcadeCity.xcdatamodel */,
			);
			currentVersion = 57E65EA31F15D59000B39AF4 /* ArcadeCity.xcdatamodel */;
			path = ArcadeCity.xcdatamodeld;
			sourceTree = "<group>";
			versionGroupType = wrapper.xcdatamodel;
		};
/* End XCVersionGroup section */
	};
	rootObject = 57E65E901F15D59000B39AF4 /* Project object */;
}
