// !$*UTF8*$!
{
	archiveVersion = 1;
	classes = {
	};
	objectVersion = 46;
	objects = {

/* Begin PBXBuildFile section */
		5708175B1F2989120062DB68 /* ImageViewController.swift in Sources */ = {isa = PBXBuildFile; fileRef = 5708175A1F2989120062DB68 /* ImageViewController.swift */; };
		57226C312071A62100CA934B /* AboutViewController.swift in Sources */ = {isa = PBXBuildFile; fileRef = 57226C302071A62100CA934B /* AboutViewController.swift */; };
		573853C31F2EBE6100B37228 /* SetLocation.swift in Sources */ = {isa = PBXBuildFile; fileRef = 573853C21F2EBE6100B37228 /* SetLocation.swift */; };
		573853C71F31038100B37228 /* GoogleMapsViewController.swift in Sources */ = {isa = PBXBuildFile; fileRef = 573853C61F31038100B37228 /* GoogleMapsViewController.swift */; };
		573FEC4F1F2B0AB6007A001F /* PreselectedDrivers.swift in Sources */ = {isa = PBXBuildFile; fileRef = 573FEC4E1F2B0AB6007A001F /* PreselectedDrivers.swift */; };
		574724CD1F2D6619003EFFC6 /* SettingsTableViewController.swift in Sources */ = {isa = PBXBuildFile; fileRef = 574724CC1F2D6619003EFFC6 /* SettingsTableViewController.swift */; };
		574724F01F2E9C17003EFFC6 /* Eta.swift in Sources */ = {isa = PBXBuildFile; fileRef = 574724EF1F2E9C17003EFFC6 /* Eta.swift */; };
		574724F51F2EA71D003EFFC6 /* CoreLocation.framework in Frameworks */ = {isa = PBXBuildFile; fileRef = 574724F41F2EA71D003EFFC6 /* CoreLocation.framework */; };
		5753E31C1F379EF000B930E7 /* MightLoginViewController.swift in Sources */ = {isa = PBXBuildFile; fileRef = 5753E31B1F379EF000B930E7 /* MightLoginViewController.swift */; };
		575DB944208C4815001223CF /* NotificationTableViewCell.swift in Sources */ = {isa = PBXBuildFile; fileRef = 575DB943208C4815001223CF /* NotificationTableViewCell.swift */; };
		575E7B681F266DCC00C1DD70 /* LoadingPageMain.swift in Sources */ = {isa = PBXBuildFile; fileRef = 575E7B671F266DCC00C1DD70 /* LoadingPageMain.swift */; };
		5770B5771F3A25C100E23C51 /* MessagingViewController.swift in Sources */ = {isa = PBXBuildFile; fileRef = 5770B5761F3A25C100E23C51 /* MessagingViewController.swift */; };
		5770B5791F3A25FC00E23C51 /* MessagingBackend.swift in Sources */ = {isa = PBXBuildFile; fileRef = 5770B5781F3A25FC00E23C51 /* MessagingBackend.swift */; };
		5770B57B1F3AB83D00E23C51 /* Message.swift in Sources */ = {isa = PBXBuildFile; fileRef = 5770B57A1F3AB83D00E23C51 /* Message.swift */; };
		5770B57D1F3B57A900E23C51 /* MyMessageTableViewCell.swift in Sources */ = {isa = PBXBuildFile; fileRef = 5770B57C1F3B57A900E23C51 /* MyMessageTableViewCell.swift */; };
		5770B57F1F3B57E500E23C51 /* TheirMessageTableViewCell.swift in Sources */ = {isa = PBXBuildFile; fileRef = 5770B57E1F3B57E500E23C51 /* TheirMessageTableViewCell.swift */; };
		578969CA1F43E0000039768E /* ListOfUsersViewController.swift in Sources */ = {isa = PBXBuildFile; fileRef = 578969C91F43E0000039768E /* ListOfUsersViewController.swift */; };
		578969CF1F43E13C0039768E /* ListOfUsersBackend.swift in Sources */ = {isa = PBXBuildFile; fileRef = 578969CE1F43E13C0039768E /* ListOfUsersBackend.swift */; };
		578970CD1F4404040093D8E5 /* ListOfUsersTableViewCell.swift in Sources */ = {isa = PBXBuildFile; fileRef = 578970CC1F4404040093D8E5 /* ListOfUsersTableViewCell.swift */; };
		578970CF1F45055E0093D8E5 /* SetUserClassViewController.swift in Sources */ = {isa = PBXBuildFile; fileRef = 578970CE1F45055E0093D8E5 /* SetUserClassViewController.swift */; };
		578970D41F47BF780093D8E5 /* ConfigureDocsBackend.swift in Sources */ = {isa = PBXBuildFile; fileRef = 578970D31F47BF780093D8E5 /* ConfigureDocsBackend.swift */; };
		578970D61F48DB320093D8E5 /* Document.swift in Sources */ = {isa = PBXBuildFile; fileRef = 578970D51F48DB320093D8E5 /* Document.swift */; };
		578970D81F48E3A60093D8E5 /* ConfigureDocumentationViewController.swift in Sources */ = {isa = PBXBuildFile; fileRef = 578970D71F48E3A60093D8E5 /* ConfigureDocumentationViewController.swift */; };
		578970DA1F49056E0093D8E5 /* AddDriverDocViewController.swift in Sources */ = {isa = PBXBuildFile; fileRef = 578970D91F49056E0093D8E5 /* AddDriverDocViewController.swift */; };
		57954CB31F3529FF00516A61 /* KeyValueTableViewCell.swift in Sources */ = {isa = PBXBuildFile; fileRef = 57954CB21F3529FF00516A61 /* KeyValueTableViewCell.swift */; };
		57954CB61F35750100516A61 /* BioTableViewCell.swift in Sources */ = {isa = PBXBuildFile; fileRef = 57954CB51F35750100516A61 /* BioTableViewCell.swift */; };
		57954CB81F36309500516A61 /* PaymentsTableViewCell.swift in Sources */ = {isa = PBXBuildFile; fileRef = 57954CB71F36309500516A61 /* PaymentsTableViewCell.swift */; };
		57A00B221F2714BD00842DDF /* BottomProfileViewController.swift in Sources */ = {isa = PBXBuildFile; fileRef = 57A00B211F2714BC00842DDF /* BottomProfileViewController.swift */; };
		57A00B251F271D8800842DDF /* ImageResize.swift in Sources */ = {isa = PBXBuildFile; fileRef = 57A00B241F271D8800842DDF /* ImageResize.swift */; };
		57A00B271F2726DF00842DDF /* ProfileViewController.swift in Sources */ = {isa = PBXBuildFile; fileRef = 57A00B261F2726DF00842DDF /* ProfileViewController.swift */; };
		57A00B291F27D43D00842DDF /* MiddleProfileTableViewController.swift in Sources */ = {isa = PBXBuildFile; fileRef = 57A00B281F27D43C00842DDF /* MiddleProfileTableViewController.swift */; };
		57A701011F49D846007D9E1B /* DriverDocumentationViewController.swift in Sources */ = {isa = PBXBuildFile; fileRef = 57A701001F49D846007D9E1B /* DriverDocumentationViewController.swift */; };
		57A701051F49E7BD007D9E1B /* TextDocumentTableViewCell.swift in Sources */ = {isa = PBXBuildFile; fileRef = 57A701041F49E7BD007D9E1B /* TextDocumentTableViewCell.swift */; };
		57A701071F49E7D2007D9E1B /* DateDocumentTableViewCell.swift in Sources */ = {isa = PBXBuildFile; fileRef = 57A701061F49E7D2007D9E1B /* DateDocumentTableViewCell.swift */; };
		57A701091F49E80A007D9E1B /* PictureDocumentTableViewCell.swift in Sources */ = {isa = PBXBuildFile; fileRef = 57A701081F49E80A007D9E1B /* PictureDocumentTableViewCell.swift */; };
		57A7010B1F49EBDC007D9E1B /* DriverDocumentationBackend.swift in Sources */ = {isa = PBXBuildFile; fileRef = 57A7010A1F49EBDC007D9E1B /* DriverDocumentationBackend.swift */; };
		57A823EB206785AF004C3B7E /* AutoCompleteViewController.swift in Sources */ = {isa = PBXBuildFile; fileRef = 57A823EA206785AF004C3B7E /* AutoCompleteViewController.swift */; };
		57AABB212012CA97003CDA64 /* ConversationBackend.swift in Sources */ = {isa = PBXBuildFile; fileRef = 57AABB202012CA97003CDA64 /* ConversationBackend.swift */; };
		57AABB232012CAE7003CDA64 /* Conversation.swift in Sources */ = {isa = PBXBuildFile; fileRef = 57AABB222012CAE7003CDA64 /* Conversation.swift */; };
		57AABB272013EC84003CDA64 /* ConversationsViewController.swift in Sources */ = {isa = PBXBuildFile; fileRef = 57AABB262013EC84003CDA64 /* ConversationsViewController.swift */; };
		57AABB292015201A003CDA64 /* ConversationTableViewCell.swift in Sources */ = {isa = PBXBuildFile; fileRef = 57AABB282015201A003CDA64 /* ConversationTableViewCell.swift */; };
		57BB52C81F241F0700736291 /* TimeAgo.swift in Sources */ = {isa = PBXBuildFile; fileRef = 57BB52C71F241F0700736291 /* TimeAgo.swift */; };
		57C7D925200BCF4F0036B688 /* GoogleService-Info.plist in Resources */ = {isa = PBXBuildFile; fileRef = 57C7D923200AC5500036B688 /* GoogleService-Info.plist */; };
		57D195CC1F19444300F27BB7 /* LoadRequests.swift in Sources */ = {isa = PBXBuildFile; fileRef = 57D195CB1F19444300F27BB7 /* LoadRequests.swift */; };
		57D195D01F19604F00F27BB7 /* AddRideTableViewController.swift in Sources */ = {isa = PBXBuildFile; fileRef = 57D195CF1F19604F00F27BB7 /* AddRideTableViewController.swift */; };
		57D195D31F1A728B00F27BB7 /* RideDetailViewController.swift in Sources */ = {isa = PBXBuildFile; fileRef = 57D195D21F1A728B00F27BB7 /* RideDetailViewController.swift */; };
		57D195D51F1A756000F27BB7 /* RideDetailTableViewCell.swift in Sources */ = {isa = PBXBuildFile; fileRef = 57D195D41F1A756000F27BB7 /* RideDetailTableViewCell.swift */; };
		57D195D71F1A7FB700F27BB7 /* User.swift in Sources */ = {isa = PBXBuildFile; fileRef = 57D195D61F1A7FB700F27BB7 /* User.swift */; };
		57D195DC1F1AE50900F27BB7 /* PostCollageViewController.swift in Sources */ = {isa = PBXBuildFile; fileRef = 57D195DB1F1AE50900F27BB7 /* PostCollageViewController.swift */; };
		57E65E9C1F15D59000B39AF4 /* AppDelegate.swift in Sources */ = {isa = PBXBuildFile; fileRef = 57E65E9B1F15D59000B39AF4 /* AppDelegate.swift */; };
		57E65EA11F15D59000B39AF4 /* Main.storyboard in Resources */ = {isa = PBXBuildFile; fileRef = 57E65E9F1F15D59000B39AF4 /* Main.storyboard */; };
		57E65EA41F15D59000B39AF4 /* ArcadeCity.xcdatamodeld in Sources */ = {isa = PBXBuildFile; fileRef = 57E65EA21F15D59000B39AF4 /* ArcadeCity.xcdatamodeld */; };
		57E65EA61F15D59000B39AF4 /* Assets.xcassets in Resources */ = {isa = PBXBuildFile; fileRef = 57E65EA51F15D59000B39AF4 /* Assets.xcassets */; };
		57E65EA91F15D59000B39AF4 /* LaunchScreen.storyboard in Resources */ = {isa = PBXBuildFile; fileRef = 57E65EA71F15D59000B39AF4 /* LaunchScreen.storyboard */; };
		57E65EB81F181B3200B39AF4 /* Rider.swift in Sources */ = {isa = PBXBuildFile; fileRef = 57E65EB71F181B3200B39AF4 /* Rider.swift */; };
		57E65EBD1F185A1200B39AF4 /* RideRequest.swift in Sources */ = {isa = PBXBuildFile; fileRef = 57E65EBC1F185A1200B39AF4 /* RideRequest.swift */; };
		57E65EBF1F185AB800B39AF4 /* Offer.swift in Sources */ = {isa = PBXBuildFile; fileRef = 57E65EBE1F185AB800B39AF4 /* Offer.swift */; };
		57E65EC11F185C3A00B39AF4 /* Driver.swift in Sources */ = {isa = PBXBuildFile; fileRef = 57E65EC01F185C3A00B39AF4 /* Driver.swift */; };
		57E65EC61F186E3900B39AF4 /* RequestPageViewController.swift in Sources */ = {isa = PBXBuildFile; fileRef = 57E65EC51F186E3900B39AF4 /* RequestPageViewController.swift */; };
		AC3813EB1F1EE33900E79813 /* RequestPageTableViewCell.swift in Sources */ = {isa = PBXBuildFile; fileRef = AC3813EA1F1EE33900E79813 /* RequestPageTableViewCell.swift */; };
		CC1E628516BA757AE6472FC3 /* Pods_Might.framework in Frameworks */ = {isa = PBXBuildFile; fileRef = 63AB75C94B4EAF08B65F20E7 /* Pods_Might.framework */; };
/* End PBXBuildFile section */

/* Begin PBXFileReference section */
		5708175A1F2989120062DB68 /* ImageViewController.swift */ = {isa = PBXFileReference; fileEncoding = 4; lastKnownFileType = sourcecode.swift; path = ImageViewController.swift; sourceTree = "<group>"; };
		5712C8281F22400A00442110 /* ArcadeCity.entitlements */ = {isa = PBXFileReference; lastKnownFileType = text.plist.entitlements; path = ArcadeCity.entitlements; sourceTree = "<group>"; };
		57226C302071A62100CA934B /* AboutViewController.swift */ = {isa = PBXFileReference; lastKnownFileType = sourcecode.swift; path = AboutViewController.swift; sourceTree = "<group>"; };
		573853C21F2EBE6100B37228 /* SetLocation.swift */ = {isa = PBXFileReference; fileEncoding = 4; lastKnownFileType = sourcecode.swift; path = SetLocation.swift; sourceTree = "<group>"; };
		573853C61F31038100B37228 /* GoogleMapsViewController.swift */ = {isa = PBXFileReference; fileEncoding = 4; lastKnownFileType = sourcecode.swift; path = GoogleMapsViewController.swift; sourceTree = "<group>"; };
		573FEC4E1F2B0AB6007A001F /* PreselectedDrivers.swift */ = {isa = PBXFileReference; fileEncoding = 4; lastKnownFileType = sourcecode.swift; path = PreselectedDrivers.swift; sourceTree = "<group>"; };
		574724CC1F2D6619003EFFC6 /* SettingsTableViewController.swift */ = {isa = PBXFileReference; fileEncoding = 4; lastKnownFileType = sourcecode.swift; path = SettingsTableViewController.swift; sourceTree = "<group>"; };
		574724EF1F2E9C17003EFFC6 /* Eta.swift */ = {isa = PBXFileReference; fileEncoding = 4; lastKnownFileType = sourcecode.swift; path = Eta.swift; sourceTree = "<group>"; };
		574724F41F2EA71D003EFFC6 /* CoreLocation.framework */ = {isa = PBXFileReference; lastKnownFileType = wrapper.framework; name = CoreLocation.framework; path = System/Library/Frameworks/CoreLocation.framework; sourceTree = SDKROOT; };
		5753E31B1F379EF000B930E7 /* MightLoginViewController.swift */ = {isa = PBXFileReference; fileEncoding = 4; lastKnownFileType = sourcecode.swift; path = MightLoginViewController.swift; sourceTree = "<group>"; };
		575DB943208C4815001223CF /* NotificationTableViewCell.swift */ = {isa = PBXFileReference; lastKnownFileType = sourcecode.swift; path = NotificationTableViewCell.swift; sourceTree = "<group>"; };
		575E7B671F266DCC00C1DD70 /* LoadingPageMain.swift */ = {isa = PBXFileReference; fileEncoding = 4; lastKnownFileType = sourcecode.swift; path = LoadingPageMain.swift; sourceTree = "<group>"; };
		5770B5761F3A25C100E23C51 /* MessagingViewController.swift */ = {isa = PBXFileReference; fileEncoding = 4; lastKnownFileType = sourcecode.swift; path = MessagingViewController.swift; sourceTree = "<group>"; };
		5770B5781F3A25FC00E23C51 /* MessagingBackend.swift */ = {isa = PBXFileReference; fileEncoding = 4; lastKnownFileType = sourcecode.swift; path = MessagingBackend.swift; sourceTree = "<group>"; };
		5770B57A1F3AB83D00E23C51 /* Message.swift */ = {isa = PBXFileReference; fileEncoding = 4; lastKnownFileType = sourcecode.swift; path = Message.swift; sourceTree = "<group>"; };
		5770B57C1F3B57A900E23C51 /* MyMessageTableViewCell.swift */ = {isa = PBXFileReference; fileEncoding = 4; lastKnownFileType = sourcecode.swift; path = MyMessageTableViewCell.swift; sourceTree = "<group>"; };
		5770B57E1F3B57E500E23C51 /* TheirMessageTableViewCell.swift */ = {isa = PBXFileReference; fileEncoding = 4; lastKnownFileType = sourcecode.swift; path = TheirMessageTableViewCell.swift; sourceTree = "<group>"; };
		578969C91F43E0000039768E /* ListOfUsersViewController.swift */ = {isa = PBXFileReference; fileEncoding = 4; lastKnownFileType = sourcecode.swift; path = ListOfUsersViewController.swift; sourceTree = "<group>"; };
		578969CE1F43E13C0039768E /* ListOfUsersBackend.swift */ = {isa = PBXFileReference; fileEncoding = 4; lastKnownFileType = sourcecode.swift; path = ListOfUsersBackend.swift; sourceTree = "<group>"; };
		578970CC1F4404040093D8E5 /* ListOfUsersTableViewCell.swift */ = {isa = PBXFileReference; fileEncoding = 4; lastKnownFileType = sourcecode.swift; path = ListOfUsersTableViewCell.swift; sourceTree = "<group>"; };
		578970CE1F45055E0093D8E5 /* SetUserClassViewController.swift */ = {isa = PBXFileReference; fileEncoding = 4; lastKnownFileType = sourcecode.swift; path = SetUserClassViewController.swift; sourceTree = "<group>"; };
		578970D31F47BF780093D8E5 /* ConfigureDocsBackend.swift */ = {isa = PBXFileReference; fileEncoding = 4; lastKnownFileType = sourcecode.swift; path = ConfigureDocsBackend.swift; sourceTree = "<group>"; };
		578970D51F48DB320093D8E5 /* Document.swift */ = {isa = PBXFileReference; fileEncoding = 4; lastKnownFileType = sourcecode.swift; path = Document.swift; sourceTree = "<group>"; };
		578970D71F48E3A60093D8E5 /* ConfigureDocumentationViewController.swift */ = {isa = PBXFileReference; fileEncoding = 4; lastKnownFileType = sourcecode.swift; path = ConfigureDocumentationViewController.swift; sourceTree = "<group>"; };
		578970D91F49056E0093D8E5 /* AddDriverDocViewController.swift */ = {isa = PBXFileReference; fileEncoding = 4; lastKnownFileType = sourcecode.swift; path = AddDriverDocViewController.swift; sourceTree = "<group>"; };
		57954CB21F3529FF00516A61 /* KeyValueTableViewCell.swift */ = {isa = PBXFileReference; fileEncoding = 4; lastKnownFileType = sourcecode.swift; name = KeyValueTableViewCell.swift; path = ../KeyValueTableViewCell.swift; sourceTree = "<group>"; };
		57954CB51F35750100516A61 /* BioTableViewCell.swift */ = {isa = PBXFileReference; fileEncoding = 4; lastKnownFileType = sourcecode.swift; path = BioTableViewCell.swift; sourceTree = "<group>"; };
		57954CB71F36309500516A61 /* PaymentsTableViewCell.swift */ = {isa = PBXFileReference; fileEncoding = 4; lastKnownFileType = sourcecode.swift; path = PaymentsTableViewCell.swift; sourceTree = "<group>"; };
		57A00B211F2714BC00842DDF /* BottomProfileViewController.swift */ = {isa = PBXFileReference; fileEncoding = 4; lastKnownFileType = sourcecode.swift; path = BottomProfileViewController.swift; sourceTree = "<group>"; };
		57A00B241F271D8800842DDF /* ImageResize.swift */ = {isa = PBXFileReference; fileEncoding = 4; lastKnownFileType = sourcecode.swift; path = ImageResize.swift; sourceTree = "<group>"; };
		57A00B261F2726DF00842DDF /* ProfileViewController.swift */ = {isa = PBXFileReference; fileEncoding = 4; lastKnownFileType = sourcecode.swift; path = ProfileViewController.swift; sourceTree = "<group>"; };
		57A00B281F27D43C00842DDF /* MiddleProfileTableViewController.swift */ = {isa = PBXFileReference; fileEncoding = 4; lastKnownFileType = sourcecode.swift; path = MiddleProfileTableViewController.swift; sourceTree = "<group>"; };
		57A701001F49D846007D9E1B /* DriverDocumentationViewController.swift */ = {isa = PBXFileReference; fileEncoding = 4; lastKnownFileType = sourcecode.swift; path = DriverDocumentationViewController.swift; sourceTree = "<group>"; };
		57A701041F49E7BD007D9E1B /* TextDocumentTableViewCell.swift */ = {isa = PBXFileReference; fileEncoding = 4; lastKnownFileType = sourcecode.swift; path = TextDocumentTableViewCell.swift; sourceTree = "<group>"; };
		57A701061F49E7D2007D9E1B /* DateDocumentTableViewCell.swift */ = {isa = PBXFileReference; fileEncoding = 4; lastKnownFileType = sourcecode.swift; path = DateDocumentTableViewCell.swift; sourceTree = "<group>"; };
		57A701081F49E80A007D9E1B /* PictureDocumentTableViewCell.swift */ = {isa = PBXFileReference; fileEncoding = 4; lastKnownFileType = sourcecode.swift; path = PictureDocumentTableViewCell.swift; sourceTree = "<group>"; };
		57A7010A1F49EBDC007D9E1B /* DriverDocumentationBackend.swift */ = {isa = PBXFileReference; fileEncoding = 4; lastKnownFileType = sourcecode.swift; path = DriverDocumentationBackend.swift; sourceTree = "<group>"; };
		57A823EA206785AF004C3B7E /* AutoCompleteViewController.swift */ = {isa = PBXFileReference; lastKnownFileType = sourcecode.swift; path = AutoCompleteViewController.swift; sourceTree = "<group>"; };
		57AABB202012CA97003CDA64 /* ConversationBackend.swift */ = {isa = PBXFileReference; lastKnownFileType = sourcecode.swift; path = ConversationBackend.swift; sourceTree = "<group>"; };
		57AABB222012CAE7003CDA64 /* Conversation.swift */ = {isa = PBXFileReference; lastKnownFileType = sourcecode.swift; path = Conversation.swift; sourceTree = "<group>"; };
		57AABB262013EC84003CDA64 /* ConversationsViewController.swift */ = {isa = PBXFileReference; lastKnownFileType = sourcecode.swift; path = ConversationsViewController.swift; sourceTree = "<group>"; };
		57AABB282015201A003CDA64 /* ConversationTableViewCell.swift */ = {isa = PBXFileReference; lastKnownFileType = sourcecode.swift; path = ConversationTableViewCell.swift; sourceTree = "<group>"; };
		57BB52C71F241F0700736291 /* TimeAgo.swift */ = {isa = PBXFileReference; fileEncoding = 4; lastKnownFileType = sourcecode.swift; path = TimeAgo.swift; sourceTree = "<group>"; };
		57C7D923200AC5500036B688 /* GoogleService-Info.plist */ = {isa = PBXFileReference; fileEncoding = 4; lastKnownFileType = text.plist.xml; path = "GoogleService-Info.plist"; sourceTree = "<group>"; };
		57D195CB1F19444300F27BB7 /* LoadRequests.swift */ = {isa = PBXFileReference; fileEncoding = 4; lastKnownFileType = sourcecode.swift; path = LoadRequests.swift; sourceTree = "<group>"; };
		57D195CF1F19604F00F27BB7 /* AddRideTableViewController.swift */ = {isa = PBXFileReference; fileEncoding = 4; lastKnownFileType = sourcecode.swift; path = AddRideTableViewController.swift; sourceTree = "<group>"; };
		57D195D21F1A728B00F27BB7 /* RideDetailViewController.swift */ = {isa = PBXFileReference; fileEncoding = 4; lastKnownFileType = sourcecode.swift; path = RideDetailViewController.swift; sourceTree = "<group>"; };
		57D195D41F1A756000F27BB7 /* RideDetailTableViewCell.swift */ = {isa = PBXFileReference; fileEncoding = 4; lastKnownFileType = sourcecode.swift; path = RideDetailTableViewCell.swift; sourceTree = "<group>"; };
		57D195D61F1A7FB700F27BB7 /* User.swift */ = {isa = PBXFileReference; fileEncoding = 4; lastKnownFileType = sourcecode.swift; path = User.swift; sourceTree = "<group>"; };
		57D195DB1F1AE50900F27BB7 /* PostCollageViewController.swift */ = {isa = PBXFileReference; fileEncoding = 4; lastKnownFileType = sourcecode.swift; path = PostCollageViewController.swift; sourceTree = "<group>"; };
		57E65E981F15D59000B39AF4 /* Might.app */ = {isa = PBXFileReference; explicitFileType = wrapper.application; includeInIndex = 0; path = Might.app; sourceTree = BUILT_PRODUCTS_DIR; };
		57E65E9B1F15D59000B39AF4 /* AppDelegate.swift */ = {isa = PBXFileReference; lastKnownFileType = sourcecode.swift; path = AppDelegate.swift; sourceTree = "<group>"; };
		57E65EA01F15D59000B39AF4 /* Base */ = {isa = PBXFileReference; lastKnownFileType = file.storyboard; name = Base; path = Base.lproj/Main.storyboard; sourceTree = "<group>"; };
		57E65EA31F15D59000B39AF4 /* ArcadeCity.xcdatamodel */ = {isa = PBXFileReference; lastKnownFileType = wrapper.xcdatamodel; path = ArcadeCity.xcdatamodel; sourceTree = "<group>"; };
		57E65EA51F15D59000B39AF4 /* Assets.xcassets */ = {isa = PBXFileReference; lastKnownFileType = folder.assetcatalog; path = Assets.xcassets; sourceTree = "<group>"; };
		57E65EA81F15D59000B39AF4 /* Base */ = {isa = PBXFileReference; lastKnownFileType = file.storyboard; name = Base; path = Base.lproj/LaunchScreen.storyboard; sourceTree = "<group>"; };
		57E65EAA1F15D59000B39AF4 /* Info.plist */ = {isa = PBXFileReference; lastKnownFileType = text.plist.xml; path = Info.plist; sourceTree = "<group>"; };
		57E65EB71F181B3200B39AF4 /* Rider.swift */ = {isa = PBXFileReference; fileEncoding = 4; lastKnownFileType = sourcecode.swift; path = Rider.swift; sourceTree = "<group>"; };
		57E65EBC1F185A1200B39AF4 /* RideRequest.swift */ = {isa = PBXFileReference; fileEncoding = 4; lastKnownFileType = sourcecode.swift; path = RideRequest.swift; sourceTree = "<group>"; };
		57E65EBE1F185AB800B39AF4 /* Offer.swift */ = {isa = PBXFileReference; fileEncoding = 4; lastKnownFileType = sourcecode.swift; path = Offer.swift; sourceTree = "<group>"; };
		57E65EC01F185C3A00B39AF4 /* Driver.swift */ = {isa = PBXFileReference; fileEncoding = 4; lastKnownFileType = sourcecode.swift; path = Driver.swift; sourceTree = "<group>"; };
		57E65EC51F186E3900B39AF4 /* RequestPageViewController.swift */ = {isa = PBXFileReference; fileEncoding = 4; lastKnownFileType = sourcecode.swift; path = RequestPageViewController.swift; sourceTree = "<group>"; };
		63AB75C94B4EAF08B65F20E7 /* Pods_Might.framework */ = {isa = PBXFileReference; explicitFileType = wrapper.framework; includeInIndex = 0; path = Pods_Might.framework; sourceTree = BUILT_PRODUCTS_DIR; };
		AC3813EA1F1EE33900E79813 /* RequestPageTableViewCell.swift */ = {isa = PBXFileReference; fileEncoding = 4; lastKnownFileType = sourcecode.swift; path = RequestPageTableViewCell.swift; sourceTree = "<group>"; };
		D589BF7402D9847447AEB5C5 /* Pods-Might.debug.xcconfig */ = {isa = PBXFileReference; includeInIndex = 1; lastKnownFileType = text.xcconfig; name = "Pods-Might.debug.xcconfig"; path = "Pods/Target Support Files/Pods-Might/Pods-Might.debug.xcconfig"; sourceTree = "<group>"; };
		F9BE448ACF214B1A6E6D9FFA /* Pods-Might.release.xcconfig */ = {isa = PBXFileReference; includeInIndex = 1; lastKnownFileType = text.xcconfig; name = "Pods-Might.release.xcconfig"; path = "Pods/Target Support Files/Pods-Might/Pods-Might.release.xcconfig"; sourceTree = "<group>"; };
/* End PBXFileReference section */

/* Begin PBXFrameworksBuildPhase section */
		57E65E951F15D59000B39AF4 /* Frameworks */ = {
			isa = PBXFrameworksBuildPhase;
			buildActionMask = 2147483647;
			files = (
				574724F51F2EA71D003EFFC6 /* CoreLocation.framework in Frameworks */,
				CC1E628516BA757AE6472FC3 /* Pods_Might.framework in Frameworks */,
			);
			runOnlyForDeploymentPostprocessing = 0;
		};
/* End PBXFrameworksBuildPhase section */

/* Begin PBXGroup section */
		5770B5751F3A259500E23C51 /* Messaging */ = {
			isa = PBXGroup;
			children = (
				57AABB252013EBC0003CDA64 /* Messages */,
				57AABB242013EBAF003CDA64 /* Conversation List */,
			);
			name = Messaging;
			sourceTree = "<group>";
		};
		578969C81F43DF780039768E /* More */ = {
			isa = PBXGroup;
			children = (
				574724CC1F2D6619003EFFC6 /* SettingsTableViewController.swift */,
				575DB943208C4815001223CF /* NotificationTableViewCell.swift */,
				57226C302071A62100CA934B /* AboutViewController.swift */,
				57A701021F49D84E007D9E1B /* Driver Documentation */,
				578969CD1F43E04C0039768E /* List of Users */,
				578970D01F47BF000093D8E5 /* Configure Driver Docs */,
			);
			name = More;
			sourceTree = "<group>";
		};
		578969CD1F43E04C0039768E /* List of Users */ = {
			isa = PBXGroup;
			children = (
				578969C91F43E0000039768E /* ListOfUsersViewController.swift */,
				578970CC1F4404040093D8E5 /* ListOfUsersTableViewCell.swift */,
				578970CE1F45055E0093D8E5 /* SetUserClassViewController.swift */,
				578969CE1F43E13C0039768E /* ListOfUsersBackend.swift */,
			);
			name = "List of Users";
			sourceTree = "<group>";
		};
		578970D01F47BF000093D8E5 /* Configure Driver Docs */ = {
			isa = PBXGroup;
			children = (
				578970D51F48DB320093D8E5 /* Document.swift */,
				578970D71F48E3A60093D8E5 /* ConfigureDocumentationViewController.swift */,
				578970D91F49056E0093D8E5 /* AddDriverDocViewController.swift */,
				578970D31F47BF780093D8E5 /* ConfigureDocsBackend.swift */,
			);
			name = "Configure Driver Docs";
			sourceTree = "<group>";
		};
		57954CB41F352A7300516A61 /* Tableview Cells */ = {
			isa = PBXGroup;
			children = (
				57954CB71F36309500516A61 /* PaymentsTableViewCell.swift */,
				57954CB21F3529FF00516A61 /* KeyValueTableViewCell.swift */,
				57954CB51F35750100516A61 /* BioTableViewCell.swift */,
			);
			name = "Tableview Cells";
			sourceTree = "<group>";
		};
		57A00B1C1F27145800842DDF /* Profile */ = {
			isa = PBXGroup;
			children = (
				57954CB41F352A7300516A61 /* Tableview Cells */,
				57A00B281F27D43C00842DDF /* MiddleProfileTableViewController.swift */,
				57A00B261F2726DF00842DDF /* ProfileViewController.swift */,
				57A00B211F2714BC00842DDF /* BottomProfileViewController.swift */,
			);
			name = Profile;
			sourceTree = "<group>";
		};
		57A00B231F271CFC00842DDF /* Help Functions */ = {
			isa = PBXGroup;
			children = (
				5708175A1F2989120062DB68 /* ImageViewController.swift */,
				57BB52C71F241F0700736291 /* TimeAgo.swift */,
				573853C21F2EBE6100B37228 /* SetLocation.swift */,
				57A00B241F271D8800842DDF /* ImageResize.swift */,
				574724EF1F2E9C17003EFFC6 /* Eta.swift */,
			);
			name = "Help Functions";
			sourceTree = "<group>";
		};
		57A701021F49D84E007D9E1B /* Driver Documentation */ = {
			isa = PBXGroup;
			children = (
				57A7010A1F49EBDC007D9E1B /* DriverDocumentationBackend.swift */,
				57A701001F49D846007D9E1B /* DriverDocumentationViewController.swift */,
				57A701031F49E67A007D9E1B /* TableViewCells */,
			);
			name = "Driver Documentation";
			sourceTree = "<group>";
		};
		57A701031F49E67A007D9E1B /* TableViewCells */ = {
			isa = PBXGroup;
			children = (
				57A701041F49E7BD007D9E1B /* TextDocumentTableViewCell.swift */,
				57A701061F49E7D2007D9E1B /* DateDocumentTableViewCell.swift */,
				57A701081F49E80A007D9E1B /* PictureDocumentTableViewCell.swift */,
			);
			name = TableViewCells;
			sourceTree = "<group>";
		};
		57AABB242013EBAF003CDA64 /* Conversation List */ = {
			isa = PBXGroup;
			children = (
				57AABB202012CA97003CDA64 /* ConversationBackend.swift */,
				57AABB222012CAE7003CDA64 /* Conversation.swift */,
				57AABB262013EC84003CDA64 /* ConversationsViewController.swift */,
				57AABB282015201A003CDA64 /* ConversationTableViewCell.swift */,
			);
			name = "Conversation List";
			sourceTree = "<group>";
		};
		57AABB252013EBC0003CDA64 /* Messages */ = {
			isa = PBXGroup;
			children = (
				5770B5761F3A25C100E23C51 /* MessagingViewController.swift */,
				5770B57C1F3B57A900E23C51 /* MyMessageTableViewCell.swift */,
				5770B57E1F3B57E500E23C51 /* TheirMessageTableViewCell.swift */,
				5770B5781F3A25FC00E23C51 /* MessagingBackend.swift */,
				5770B57A1F3AB83D00E23C51 /* Message.swift */,
			);
			name = Messages;
			sourceTree = "<group>";
		};
		57D195D81F1AA11600F27BB7 /* Request Page */ = {
			isa = PBXGroup;
			children = (
				AC3813EA1F1EE33900E79813 /* RequestPageTableViewCell.swift */,
				57E65EC51F186E3900B39AF4 /* RequestPageViewController.swift */,
			);
			name = "Request Page";
			sourceTree = "<group>";
		};
		57D195D91F1AA15000F27BB7 /* Ride Request Detail */ = {
			isa = PBXGroup;
			children = (
				57D195D41F1A756000F27BB7 /* RideDetailTableViewCell.swift */,
				57D195D21F1A728B00F27BB7 /* RideDetailViewController.swift */,
				573853C61F31038100B37228 /* GoogleMapsViewController.swift */,
				57D195DB1F1AE50900F27BB7 /* PostCollageViewController.swift */,
			);
			name = "Ride Request Detail";
			sourceTree = "<group>";
		};
		57E65E8F1F15D58F00B39AF4 = {
			isa = PBXGroup;
			children = (
				57E65E9A1F15D59000B39AF4 /* ArcadeCity */,
				57E65E991F15D59000B39AF4 /* Products */,
				ED5075E26847A8BDB30B547E /* Frameworks */,
				8C86AB568735E0A31F564335 /* Pods */,
			);
			sourceTree = "<group>";
		};
		57E65E991F15D59000B39AF4 /* Products */ = {
			isa = PBXGroup;
			children = (
				57E65E981F15D59000B39AF4 /* Might.app */,
			);
			name = Products;
			sourceTree = "<group>";
		};
		57E65E9A1F15D59000B39AF4 /* ArcadeCity */ = {
			isa = PBXGroup;
			children = (
				5712C8281F22400A00442110 /* ArcadeCity.entitlements */,
				57E65E9F1F15D59000B39AF4 /* Main.storyboard */,
				57A823EA206785AF004C3B7E /* AutoCompleteViewController.swift */,
				57D195CF1F19604F00F27BB7 /* AddRideTableViewController.swift */,
				5753E31B1F379EF000B930E7 /* MightLoginViewController.swift */,
				575E7B671F266DCC00C1DD70 /* LoadingPageMain.swift */,
				57D195CB1F19444300F27BB7 /* LoadRequests.swift */,
				578969C81F43DF780039768E /* More */,
				5770B5751F3A259500E23C51 /* Messaging */,
				57D195D81F1AA11600F27BB7 /* Request Page */,
				57D195D91F1AA15000F27BB7 /* Ride Request Detail */,
				57A00B1C1F27145800842DDF /* Profile */,
				57A00B231F271CFC00842DDF /* Help Functions */,
				57E65EC41F18679700B39AF4 /* Types */,
				57E65EB91F18246C00B39AF4 /* Supporting Files */,
			);
			path = ArcadeCity;
			sourceTree = "<group>";
		};
		57E65EB91F18246C00B39AF4 /* Supporting Files */ = {
			isa = PBXGroup;
			children = (
				573FEC4E1F2B0AB6007A001F /* PreselectedDrivers.swift */,
				57C7D923200AC5500036B688 /* GoogleService-Info.plist */,
				57E65E9B1F15D59000B39AF4 /* AppDelegate.swift */,
				57E65EA51F15D59000B39AF4 /* Assets.xcassets */,
				57E65EA71F15D59000B39AF4 /* LaunchScreen.storyboard */,
				57E65EA21F15D59000B39AF4 /* ArcadeCity.xcdatamodeld */,
				57E65EAA1F15D59000B39AF4 /* Info.plist */,
			);
			name = "Supporting Files";
			sourceTree = "<group>";
		};
		57E65EC41F18679700B39AF4 /* Types */ = {
			isa = PBXGroup;
			children = (
				57E65EB71F181B3200B39AF4 /* Rider.swift */,
				57E65EBC1F185A1200B39AF4 /* RideRequest.swift */,
				57E65EBE1F185AB800B39AF4 /* Offer.swift */,
				57E65EC01F185C3A00B39AF4 /* Driver.swift */,
				57D195D61F1A7FB700F27BB7 /* User.swift */,
			);
			name = Types;
			sourceTree = "<group>";
		};
		8C86AB568735E0A31F564335 /* Pods */ = {
			isa = PBXGroup;
			children = (
				D589BF7402D9847447AEB5C5 /* Pods-Might.debug.xcconfig */,
				F9BE448ACF214B1A6E6D9FFA /* Pods-Might.release.xcconfig */,
			);
			name = Pods;
			sourceTree = "<group>";
		};
		ED5075E26847A8BDB30B547E /* Frameworks */ = {
			isa = PBXGroup;
			children = (
				574724F41F2EA71D003EFFC6 /* CoreLocation.framework */,
				63AB75C94B4EAF08B65F20E7 /* Pods_Might.framework */,
			);
			name = Frameworks;
			sourceTree = "<group>";
		};
/* End PBXGroup section */

/* Begin PBXNativeTarget section */
		57E65E971F15D59000B39AF4 /* Might */ = {
			isa = PBXNativeTarget;
			buildConfigurationList = 57E65EAD1F15D59000B39AF4 /* Build configuration list for PBXNativeTarget "Might" */;
			buildPhases = (
				C524A21B228A739F9887CD39 /* [CP] Check Pods Manifest.lock */,
				57E65E941F15D59000B39AF4 /* Sources */,
				57E65E951F15D59000B39AF4 /* Frameworks */,
				57E65E961F15D59000B39AF4 /* Resources */,
				57B328BD2061FAB0008BB1E1 /* ShellScript */,
				D7BC9BB9C6AE2199BC89D38D /* [CP] Embed Pods Frameworks */,
				BC5AA95A220DA02123774B74 /* [CP] Copy Pods Resources */,
			);
			buildRules = (
			);
			dependencies = (
			);
			name = Might;
			productName = ArcadeCity;
			productReference = 57E65E981F15D59000B39AF4 /* Might.app */;
			productType = "com.apple.product-type.application";
		};
/* End PBXNativeTarget section */

/* Begin PBXProject section */
		57E65E901F15D59000B39AF4 /* Project object */ = {
			isa = PBXProject;
			attributes = {
				LastSwiftUpdateCheck = 0830;
				LastUpgradeCheck = 0830;
				ORGANIZATIONNAME = "The University of Texas at Austin";
				TargetAttributes = {
					57E65E971F15D59000B39AF4 = {
						CreatedOnToolsVersion = 8.3.3;
						DevelopmentTeam = W54RWWMZX3;
						ProvisioningStyle = Automatic;
						SystemCapabilities = {
							com.apple.Keychain = {
								enabled = 1;
							};
							com.apple.Push = {
								enabled = 1;
							};
						};
					};
				};
			};
			buildConfigurationList = 57E65E931F15D59000B39AF4 /* Build configuration list for PBXProject "ArcadeCity" */;
			compatibilityVersion = "Xcode 3.2";
			developmentRegion = English;
			hasScannedForEncodings = 0;
			knownRegions = (
				en,
				Base,
			);
			mainGroup = 57E65E8F1F15D58F00B39AF4;
			productRefGroup = 57E65E991F15D59000B39AF4 /* Products */;
			projectDirPath = "";
			projectRoot = "";
			targets = (
				57E65E971F15D59000B39AF4 /* Might */,
			);
		};
/* End PBXProject section */

/* Begin PBXResourcesBuildPhase section */
		57E65E961F15D59000B39AF4 /* Resources */ = {
			isa = PBXResourcesBuildPhase;
			buildActionMask = 2147483647;
			files = (
				57E65EA91F15D59000B39AF4 /* LaunchScreen.storyboard in Resources */,
				57C7D925200BCF4F0036B688 /* GoogleService-Info.plist in Resources */,
				57E65EA61F15D59000B39AF4 /* Assets.xcassets in Resources */,
				57E65EA11F15D59000B39AF4 /* Main.storyboard in Resources */,
			);
			runOnlyForDeploymentPostprocessing = 0;
		};
/* End PBXResourcesBuildPhase section */

/* Begin PBXShellScriptBuildPhase section */
		57B328BD2061FAB0008BB1E1 /* ShellScript */ = {
			isa = PBXShellScriptBuildPhase;
			buildActionMask = 2147483647;
			files = (
			);
			inputPaths = (
			);
			outputPaths = (
			);
			runOnlyForDeploymentPostprocessing = 0;
			shellPath = /bin/sh;
			shellScript = "\"Pods/Fabric/run\"";
		};
		BC5AA95A220DA02123774B74 /* [CP] Copy Pods Resources */ = {
			isa = PBXShellScriptBuildPhase;
			buildActionMask = 2147483647;
			files = (
			);
			inputPaths = (
				"${SRCROOT}/Pods/Target Support Files/Pods-Might/Pods-Might-resources.sh",
				"${PODS_ROOT}/GoogleMaps/Maps/Frameworks/GoogleMaps.framework/Resources/GoogleMaps.bundle",
				"${PODS_ROOT}/GooglePlaces/Frameworks/GooglePlaces.framework/Resources/GooglePlaces.bundle",
			);
			name = "[CP] Copy Pods Resources";
			outputPaths = (
				"${TARGET_BUILD_DIR}/${UNLOCALIZED_RESOURCES_FOLDER_PATH}",
			);
			runOnlyForDeploymentPostprocessing = 0;
			shellPath = /bin/sh;
			shellScript = "\"${SRCROOT}/Pods/Target Support Files/Pods-Might/Pods-Might-resources.sh\"\n";
			showEnvVarsInLog = 0;
		};
		C524A21B228A739F9887CD39 /* [CP] Check Pods Manifest.lock */ = {
			isa = PBXShellScriptBuildPhase;
			buildActionMask = 2147483647;
			files = (
			);
			inputPaths = (
				"${PODS_PODFILE_DIR_PATH}/Podfile.lock",
				"${PODS_ROOT}/Manifest.lock",
			);
			name = "[CP] Check Pods Manifest.lock";
			outputPaths = (
				"$(DERIVED_FILE_DIR)/Pods-Might-checkManifestLockResult.txt",
			);
			runOnlyForDeploymentPostprocessing = 0;
			shellPath = /bin/sh;
			shellScript = "diff \"${PODS_PODFILE_DIR_PATH}/Podfile.lock\" \"${PODS_ROOT}/Manifest.lock\" > /dev/null\nif [ $? != 0 ] ; then\n    # print error to STDERR\n    echo \"error: The sandbox is not in sync with the Podfile.lock. Run 'pod install' or update your CocoaPods installation.\" >&2\n    exit 1\nfi\n# This output is used by Xcode 'outputs' to avoid re-running this script phase.\necho \"SUCCESS\" > \"${SCRIPT_OUTPUT_FILE_0}\"\n";
			showEnvVarsInLog = 0;
		};
		D7BC9BB9C6AE2199BC89D38D /* [CP] Embed Pods Frameworks */ = {
			isa = PBXShellScriptBuildPhase;
			buildActionMask = 2147483647;
			files = (
			);
			inputPaths = (
				"${SRCROOT}/Pods/Target Support Files/Pods-Might/Pods-Might-frameworks.sh",
				"${BUILT_PRODUCTS_DIR}/Bolts/Bolts.framework",
				"${BUILT_PRODUCTS_DIR}/FBSDKCoreKit/FBSDKCoreKit.framework",
				"${BUILT_PRODUCTS_DIR}/FBSDKLoginKit/FBSDKLoginKit.framework",
				"${BUILT_PRODUCTS_DIR}/FBSDKShareKit/FBSDKShareKit.framework",
				"${BUILT_PRODUCTS_DIR}/GTMSessionFetcher/GTMSessionFetcher.framework",
				"${BUILT_PRODUCTS_DIR}/GoogleToolboxForMac/GoogleToolboxForMac.framework",
				"${BUILT_PRODUCTS_DIR}/Protobuf/Protobuf.framework",
				"${BUILT_PRODUCTS_DIR}/leveldb-library/leveldb.framework",
				"${BUILT_PRODUCTS_DIR}/nanopb/nanopb.framework",
			);
			name = "[CP] Embed Pods Frameworks";
			outputPaths = (
				"${TARGET_BUILD_DIR}/${FRAMEWORKS_FOLDER_PATH}/Bolts.framework",
				"${TARGET_BUILD_DIR}/${FRAMEWORKS_FOLDER_PATH}/FBSDKCoreKit.framework",
				"${TARGET_BUILD_DIR}/${FRAMEWORKS_FOLDER_PATH}/FBSDKLoginKit.framework",
				"${TARGET_BUILD_DIR}/${FRAMEWORKS_FOLDER_PATH}/FBSDKShareKit.framework",
				"${TARGET_BUILD_DIR}/${FRAMEWORKS_FOLDER_PATH}/GTMSessionFetcher.framework",
				"${TARGET_BUILD_DIR}/${FRAMEWORKS_FOLDER_PATH}/GoogleToolboxForMac.framework",
				"${TARGET_BUILD_DIR}/${FRAMEWORKS_FOLDER_PATH}/Protobuf.framework",
				"${TARGET_BUILD_DIR}/${FRAMEWORKS_FOLDER_PATH}/leveldb.framework",
				"${TARGET_BUILD_DIR}/${FRAMEWORKS_FOLDER_PATH}/nanopb.framework",
			);
			runOnlyForDeploymentPostprocessing = 0;
			shellPath = /bin/sh;
			shellScript = "\"${SRCROOT}/Pods/Target Support Files/Pods-Might/Pods-Might-frameworks.sh\"\n";
			showEnvVarsInLog = 0;
		};
/* End PBXShellScriptBuildPhase section */

/* Begin PBXSourcesBuildPhase section */
		57E65E941F15D59000B39AF4 /* Sources */ = {
			isa = PBXSourcesBuildPhase;
			buildActionMask = 2147483647;
			files = (
				578970D41F47BF780093D8E5 /* ConfigureDocsBackend.swift in Sources */,
				57E65EBF1F185AB800B39AF4 /* Offer.swift in Sources */,
				57E65EC61F186E3900B39AF4 /* RequestPageViewController.swift in Sources */,
				AC3813EB1F1EE33900E79813 /* RequestPageTableViewCell.swift in Sources */,
				578970D81F48E3A60093D8E5 /* ConfigureDocumentationViewController.swift in Sources */,
				57D195CC1F19444300F27BB7 /* LoadRequests.swift in Sources */,
				57E65EA41F15D59000B39AF4 /* ArcadeCity.xcdatamodeld in Sources */,
				57A00B251F271D8800842DDF /* ImageResize.swift in Sources */,
				5770B57B1F3AB83D00E23C51 /* Message.swift in Sources */,
				5753E31C1F379EF000B930E7 /* MightLoginViewController.swift in Sources */,
				57A701091F49E80A007D9E1B /* PictureDocumentTableViewCell.swift in Sources */,
				57954CB61F35750100516A61 /* BioTableViewCell.swift in Sources */,
				57226C312071A62100CA934B /* AboutViewController.swift in Sources */,
				5770B57D1F3B57A900E23C51 /* MyMessageTableViewCell.swift in Sources */,
				57E65EBD1F185A1200B39AF4 /* RideRequest.swift in Sources */,
				5770B57F1F3B57E500E23C51 /* TheirMessageTableViewCell.swift in Sources */,
				57D195D51F1A756000F27BB7 /* RideDetailTableViewCell.swift in Sources */,
				5770B5771F3A25C100E23C51 /* MessagingViewController.swift in Sources */,
				578969CF1F43E13C0039768E /* ListOfUsersBackend.swift in Sources */,
				57BB52C81F241F0700736291 /* TimeAgo.swift in Sources */,
				57D195DC1F1AE50900F27BB7 /* PostCollageViewController.swift in Sources */,
				575DB944208C4815001223CF /* NotificationTableViewCell.swift in Sources */,
				57A701011F49D846007D9E1B /* DriverDocumentationViewController.swift in Sources */,
				573FEC4F1F2B0AB6007A001F /* PreselectedDrivers.swift in Sources */,
				57D195D71F1A7FB700F27BB7 /* User.swift in Sources */,
				578970D61F48DB320093D8E5 /* Document.swift in Sources */,
				57AABB212012CA97003CDA64 /* ConversationBackend.swift in Sources */,
				57D195D01F19604F00F27BB7 /* AddRideTableViewController.swift in Sources */,
				57E65EB81F181B3200B39AF4 /* Rider.swift in Sources */,
				57A00B221F2714BD00842DDF /* BottomProfileViewController.swift in Sources */,
				578970CF1F45055E0093D8E5 /* SetUserClassViewController.swift in Sources */,
				57A701051F49E7BD007D9E1B /* TextDocumentTableViewCell.swift in Sources */,
				57954CB31F3529FF00516A61 /* KeyValueTableViewCell.swift in Sources */,
				575E7B681F266DCC00C1DD70 /* LoadingPageMain.swift in Sources */,
				57D195D31F1A728B00F27BB7 /* RideDetailViewController.swift in Sources */,
				578969CA1F43E0000039768E /* ListOfUsersViewController.swift in Sources */,
				573853C71F31038100B37228 /* GoogleMapsViewController.swift in Sources */,
				57A7010B1F49EBDC007D9E1B /* DriverDocumentationBackend.swift in Sources */,
				57A823EB206785AF004C3B7E /* AutoCompleteViewController.swift in Sources */,
				573853C31F2EBE6100B37228 /* SetLocation.swift in Sources */,
				5770B5791F3A25FC00E23C51 /* MessagingBackend.swift in Sources */,
				57AABB232012CAE7003CDA64 /* Conversation.swift in Sources */,
				57AABB272013EC84003CDA64 /* ConversationsViewController.swift in Sources */,
				578970DA1F49056E0093D8E5 /* AddDriverDocViewController.swift in Sources */,
				57E65E9C1F15D59000B39AF4 /* AppDelegate.swift in Sources */,
				578970CD1F4404040093D8E5 /* ListOfUsersTableViewCell.swift in Sources */,
				57A00B271F2726DF00842DDF /* ProfileViewController.swift in Sources */,
				574724F01F2E9C17003EFFC6 /* Eta.swift in Sources */,
				574724CD1F2D6619003EFFC6 /* SettingsTableViewController.swift in Sources */,
				57A00B291F27D43D00842DDF /* MiddleProfileTableViewController.swift in Sources */,
				5708175B1F2989120062DB68 /* ImageViewController.swift in Sources */,
				57AABB292015201A003CDA64 /* ConversationTableViewCell.swift in Sources */,
				57E65EC11F185C3A00B39AF4 /* Driver.swift in Sources */,
				57A701071F49E7D2007D9E1B /* DateDocumentTableViewCell.swift in Sources */,
				57954CB81F36309500516A61 /* PaymentsTableViewCell.swift in Sources */,
			);
			runOnlyForDeploymentPostprocessing = 0;
		};
/* End PBXSourcesBuildPhase section */

/* Begin PBXVariantGroup section */
		57E65E9F1F15D59000B39AF4 /* Main.storyboard */ = {
			isa = PBXVariantGroup;
			children = (
				57E65EA01F15D59000B39AF4 /* Base */,
			);
			name = Main.storyboard;
			sourceTree = "<group>";
		};
		57E65EA71F15D59000B39AF4 /* LaunchScreen.storyboard */ = {
			isa = PBXVariantGroup;
			children = (
				57E65EA81F15D59000B39AF4 /* Base */,
			);
			name = LaunchScreen.storyboard;
			sourceTree = "<group>";
		};
/* End PBXVariantGroup section */

/* Begin XCBuildConfiguration section */
		57E65EAB1F15D59000B39AF4 /* Debug */ = {
			isa = XCBuildConfiguration;
			buildSettings = {
				ALWAYS_SEARCH_USER_PATHS = NO;
				CLANG_ANALYZER_NONNULL = YES;
				CLANG_ANALYZER_NUMBER_OBJECT_CONVERSION = YES_AGGRESSIVE;
				CLANG_CXX_LANGUAGE_STANDARD = "gnu++0x";
				CLANG_CXX_LIBRARY = "libc++";
				CLANG_ENABLE_MODULES = YES;
				CLANG_ENABLE_OBJC_ARC = YES;
				CLANG_WARN_BOOL_CONVERSION = YES;
				CLANG_WARN_CONSTANT_CONVERSION = YES;
				CLANG_WARN_DIRECT_OBJC_ISA_USAGE = YES_ERROR;
				CLANG_WARN_DOCUMENTATION_COMMENTS = YES;
				CLANG_WARN_EMPTY_BODY = YES;
				CLANG_WARN_ENUM_CONVERSION = YES;
				CLANG_WARN_INFINITE_RECURSION = YES;
				CLANG_WARN_INT_CONVERSION = YES;
				CLANG_WARN_OBJC_ROOT_CLASS = YES_ERROR;
				CLANG_WARN_SUSPICIOUS_MOVE = YES;
				CLANG_WARN_UNREACHABLE_CODE = YES;
				CLANG_WARN__DUPLICATE_METHOD_MATCH = YES;
				"CODE_SIGN_IDENTITY[sdk=iphoneos*]" = "iPhone Developer";
				COPY_PHASE_STRIP = NO;
				DEBUG_INFORMATION_FORMAT = "dwarf-with-dsym";
				ENABLE_STRICT_OBJC_MSGSEND = YES;
				ENABLE_TESTABILITY = YES;
				GCC_C_LANGUAGE_STANDARD = gnu99;
				GCC_DYNAMIC_NO_PIC = NO;
				GCC_NO_COMMON_BLOCKS = YES;
				GCC_OPTIMIZATION_LEVEL = 0;
				GCC_PREPROCESSOR_DEFINITIONS = (
					"DEBUG=1",
					"$(inherited)",
				);
				GCC_WARN_64_TO_32_BIT_CONVERSION = YES;
				GCC_WARN_ABOUT_RETURN_TYPE = YES_ERROR;
				GCC_WARN_UNDECLARED_SELECTOR = YES;
				GCC_WARN_UNINITIALIZED_AUTOS = YES_AGGRESSIVE;
				GCC_WARN_UNUSED_FUNCTION = YES;
				GCC_WARN_UNUSED_VARIABLE = YES;
				IPHONEOS_DEPLOYMENT_TARGET = 10.3;
				MTL_ENABLE_DEBUG_INFO = YES;
				ONLY_ACTIVE_ARCH = YES;
				SDKROOT = iphoneos;
				SWIFT_ACTIVE_COMPILATION_CONDITIONS = DEBUG;
				SWIFT_OPTIMIZATION_LEVEL = "-Onone";
			};
			name = Debug;
		};
		57E65EAC1F15D59000B39AF4 /* Release */ = {
			isa = XCBuildConfiguration;
			buildSettings = {
				ALWAYS_SEARCH_USER_PATHS = NO;
				CLANG_ANALYZER_NONNULL = YES;
				CLANG_ANALYZER_NUMBER_OBJECT_CONVERSION = YES_AGGRESSIVE;
				CLANG_CXX_LANGUAGE_STANDARD = "gnu++0x";
				CLANG_CXX_LIBRARY = "libc++";
				CLANG_ENABLE_MODULES = YES;
				CLANG_ENABLE_OBJC_ARC = YES;
				CLANG_WARN_BOOL_CONVERSION = YES;
				CLANG_WARN_CONSTANT_CONVERSION = YES;
				CLANG_WARN_DIRECT_OBJC_ISA_USAGE = YES_ERROR;
				CLANG_WARN_DOCUMENTATION_COMMENTS = YES;
				CLANG_WARN_EMPTY_BODY = YES;
				CLANG_WARN_ENUM_CONVERSION = YES;
				CLANG_WARN_INFINITE_RECURSION = YES;
				CLANG_WARN_INT_CONVERSION = YES;
				CLANG_WARN_OBJC_ROOT_CLASS = YES_ERROR;
				CLANG_WARN_SUSPICIOUS_MOVE = YES;
				CLANG_WARN_UNREACHABLE_CODE = YES;
				CLANG_WARN__DUPLICATE_METHOD_MATCH = YES;
				"CODE_SIGN_IDENTITY[sdk=iphoneos*]" = "iPhone Developer";
				COPY_PHASE_STRIP = NO;
				DEBUG_INFORMATION_FORMAT = "dwarf-with-dsym";
				ENABLE_NS_ASSERTIONS = NO;
				ENABLE_STRICT_OBJC_MSGSEND = YES;
				GCC_C_LANGUAGE_STANDARD = gnu99;
				GCC_NO_COMMON_BLOCKS = YES;
				GCC_WARN_64_TO_32_BIT_CONVERSION = YES;
				GCC_WARN_ABOUT_RETURN_TYPE = YES_ERROR;
				GCC_WARN_UNDECLARED_SELECTOR = YES;
				GCC_WARN_UNINITIALIZED_AUTOS = YES_AGGRESSIVE;
				GCC_WARN_UNUSED_FUNCTION = YES;
				GCC_WARN_UNUSED_VARIABLE = YES;
				IPHONEOS_DEPLOYMENT_TARGET = 10.3;
				MTL_ENABLE_DEBUG_INFO = NO;
				SDKROOT = iphoneos;
				SWIFT_OPTIMIZATION_LEVEL = "-Owholemodule";
				VALIDATE_PRODUCT = YES;
			};
			name = Release;
		};
		57E65EAE1F15D59000B39AF4 /* Debug */ = {
			isa = XCBuildConfiguration;
			baseConfigurationReference = D589BF7402D9847447AEB5C5 /* Pods-Might.debug.xcconfig */;
			buildSettings = {
				ASSETCATALOG_COMPILER_APPICON_NAME = AppIcon;
				CODE_SIGN_ENTITLEMENTS = ArcadeCity/ArcadeCity.entitlements;
				"CODE_SIGN_IDENTITY[sdk=iphoneos*]" = "iPhone Developer";
				DEVELOPMENT_TEAM = W54RWWMZX3;
				INFOPLIST_FILE = ArcadeCity/Info.plist;
				LD_RUNPATH_SEARCH_PATHS = "$(inherited) @executable_path/Frameworks";
				PRODUCT_BUNDLE_IDENTIFIER = edu.utexas.dwp673.ArcadeCity;
				PRODUCT_NAME = "$(TARGET_NAME)";
				PROVISIONING_PROFILE_SPECIFIER = "";
				SWIFT_VERSION = 3.0;
			};
			name = Debug;
		};
		57E65EAF1F15D59000B39AF4 /* Release */ = {
			isa = XCBuildConfiguration;
			baseConfigurationReference = F9BE448ACF214B1A6E6D9FFA /* Pods-Might.release.xcconfig */;
			buildSettings = {
				ASSETCATALOG_COMPILER_APPICON_NAME = AppIcon;
				CODE_SIGN_ENTITLEMENTS = ArcadeCity/ArcadeCity.entitlements;
				"CODE_SIGN_IDENTITY[sdk=iphoneos*]" = "iPhone Developer";
				DEVELOPMENT_TEAM = W54RWWMZX3;
				INFOPLIST_FILE = ArcadeCity/Info.plist;
				LD_RUNPATH_SEARCH_PATHS = "$(inherited) @executable_path/Frameworks";
				PRODUCT_BUNDLE_IDENTIFIER = edu.utexas.dwp673.ArcadeCity;
				PRODUCT_NAME = "$(TARGET_NAME)";
				PROVISIONING_PROFILE_SPECIFIER = "";
				SWIFT_VERSION = 3.0;
			};
			name = Release;
		};
/* End XCBuildConfiguration section */

/* Begin XCConfigurationList section */
		57E65E931F15D59000B39AF4 /* Build configuration list for PBXProject "ArcadeCity" */ = {
			isa = XCConfigurationList;
			buildConfigurations = (
				57E65EAB1F15D59000B39AF4 /* Debug */,
				57E65EAC1F15D59000B39AF4 /* Release */,
			);
			defaultConfigurationIsVisible = 0;
			defaultConfigurationName = Release;
		};
		57E65EAD1F15D59000B39AF4 /* Build configuration list for PBXNativeTarget "Might" */ = {
			isa = XCConfigurationList;
			buildConfigurations = (
				57E65EAE1F15D59000B39AF4 /* Debug */,
				57E65EAF1F15D59000B39AF4 /* Release */,
			);
			defaultConfigurationIsVisible = 0;
			defaultConfigurationName = Release;
		};
/* End XCConfigurationList section */

/* Begin XCVersionGroup section */
		57E65EA21F15D59000B39AF4 /* ArcadeCity.xcdatamodeld */ = {
			isa = XCVersionGroup;
			children = (
				57E65EA31F15D59000B39AF4 /* ArcadeCity.xcdatamodel */,
			);
			currentVersion = 57E65EA31F15D59000B39AF4 /* ArcadeCity.xcdatamodel */;
			path = ArcadeCity.xcdatamodeld;
			sourceTree = "<group>";
			versionGroupType = wrapper.xcdatamodel;
		};
/* End XCVersionGroup section */
	};
	rootObject = 57E65E901F15D59000B39AF4 /* Project object */;
}
